// !$*UTF8*$!
{
	archiveVersion = 1;
	classes = {
	};
	objectVersion = 55;
	objects = {

/* Begin PBXBuildFile section */
		69077F9C289AA5F500D79DCB /* UrlRequestJson.swift in Sources */ = {isa = PBXBuildFile; fileRef = 69077F9B289AA5F500D79DCB /* UrlRequestJson.swift */; };
		69077F9F289AAAEC00D79DCB /* Names.swift in Sources */ = {isa = PBXBuildFile; fileRef = 69077F9E289AAAEC00D79DCB /* Names.swift */; };
		69077FB428A1369100D79DCB /* Date+Extension.swift in Sources */ = {isa = PBXBuildFile; fileRef = 69077FB328A1369100D79DCB /* Date+Extension.swift */; };
		69077FB628A13B1600D79DCB /* Functions.swift in Sources */ = {isa = PBXBuildFile; fileRef = 69077FB528A13B1600D79DCB /* Functions.swift */; };
		69077FBE28A3D23300D79DCB /* FSCalendar in Frameworks */ = {isa = PBXBuildFile; productRef = 69077FBD28A3D23300D79DCB /* FSCalendar */; };
		69077FC128A3E1BB00D79DCB /* SnapKit in Frameworks */ = {isa = PBXBuildFile; productRef = 69077FC028A3E1BB00D79DCB /* SnapKit */; };
		693650AB28AD05AD0049884C /* Alamofire in Frameworks */ = {isa = PBXBuildFile; productRef = 693650AA28AD05AD0049884C /* Alamofire */; };
		693650AE28BCDE9A0049884C /* RxBlocking in Frameworks */ = {isa = PBXBuildFile; productRef = 693650AD28BCDE9A0049884C /* RxBlocking */; };
		693650B028BCDE9A0049884C /* RxCocoa in Frameworks */ = {isa = PBXBuildFile; productRef = 693650AF28BCDE9A0049884C /* RxCocoa */; };
		693650B228BCDE9A0049884C /* RxRelay in Frameworks */ = {isa = PBXBuildFile; productRef = 693650B128BCDE9A0049884C /* RxRelay */; };
		693650B428BCDE9A0049884C /* RxSwift in Frameworks */ = {isa = PBXBuildFile; productRef = 693650B328BCDE9A0049884C /* RxSwift */; };
		693650B628BCDE9A0049884C /* RxTest in Frameworks */ = {isa = PBXBuildFile; productRef = 693650B528BCDE9A0049884C /* RxTest */; };
		693650B828BE2A510049884C /* Entity.swift in Sources */ = {isa = PBXBuildFile; fileRef = 693650B728BE2A510049884C /* Entity.swift */; };
		693650BA28BE2A600049884C /* Repository.swift in Sources */ = {isa = PBXBuildFile; fileRef = 693650B928BE2A600049884C /* Repository.swift */; };
		693650BC28BE2A6B0049884C /* ViewModel.swift in Sources */ = {isa = PBXBuildFile; fileRef = 693650BB28BE2A6B0049884C /* ViewModel.swift */; };
		693650BE28BE2A800049884C /* Model.swift in Sources */ = {isa = PBXBuildFile; fileRef = 693650BD28BE2A800049884C /* Model.swift */; };
		693650C028BE2A890049884C /* Service.swift in Sources */ = {isa = PBXBuildFile; fileRef = 693650BF28BE2A890049884C /* Service.swift */; };
		6971349A2886E50200ACE7FB /* AppDelegate.swift in Sources */ = {isa = PBXBuildFile; fileRef = 697134992886E50200ACE7FB /* AppDelegate.swift */; };
		6971349C2886E50200ACE7FB /* SceneDelegate.swift in Sources */ = {isa = PBXBuildFile; fileRef = 6971349B2886E50200ACE7FB /* SceneDelegate.swift */; };
		6971349E2886E50200ACE7FB /* ViewController.swift in Sources */ = {isa = PBXBuildFile; fileRef = 6971349D2886E50200ACE7FB /* ViewController.swift */; };
		697134A32886E50300ACE7FB /* Assets.xcassets in Resources */ = {isa = PBXBuildFile; fileRef = 697134A22886E50300ACE7FB /* Assets.xcassets */; };
		697134A62886E50300ACE7FB /* LaunchScreen.storyboard in Resources */ = {isa = PBXBuildFile; fileRef = 697134A42886E50300ACE7FB /* LaunchScreen.storyboard */; };
		697134AE28883D4B00ACE7FB /* TableViewController.swift in Sources */ = {isa = PBXBuildFile; fileRef = 697134AD28883D4B00ACE7FB /* TableViewController.swift */; };
		6973AEB628F5AA24007B7CCC /* LoggedOutRouter.swift in Sources */ = {isa = PBXBuildFile; fileRef = 6973AEB228F5AA24007B7CCC /* LoggedOutRouter.swift */; };
		6973AEB728F5AA24007B7CCC /* LoggedOutViewController.swift in Sources */ = {isa = PBXBuildFile; fileRef = 6973AEB328F5AA24007B7CCC /* LoggedOutViewController.swift */; };
		6973AEB828F5AA24007B7CCC /* LoggedOutBuilder.swift in Sources */ = {isa = PBXBuildFile; fileRef = 6973AEB428F5AA24007B7CCC /* LoggedOutBuilder.swift */; };
		6973AEB928F5AA24007B7CCC /* LoggedOutInteractor.swift in Sources */ = {isa = PBXBuildFile; fileRef = 6973AEB528F5AA24007B7CCC /* LoggedOutInteractor.swift */; };
		D77CA0EF5E271E4D0B1F38FD /* Pods_NoStoryBoard.framework in Frameworks */ = {isa = PBXBuildFile; fileRef = 5E19CB3548BAFE11C8539BB2 /* Pods_NoStoryBoard.framework */; };
/* End PBXBuildFile section */

/* Begin PBXFileReference section */
		5E19CB3548BAFE11C8539BB2 /* Pods_NoStoryBoard.framework */ = {isa = PBXFileReference; explicitFileType = wrapper.framework; includeInIndex = 0; path = Pods_NoStoryBoard.framework; sourceTree = BUILT_PRODUCTS_DIR; };
		69077F9B289AA5F500D79DCB /* UrlRequestJson.swift */ = {isa = PBXFileReference; lastKnownFileType = sourcecode.swift; path = UrlRequestJson.swift; sourceTree = "<group>"; };
		69077F9E289AAAEC00D79DCB /* Names.swift */ = {isa = PBXFileReference; lastKnownFileType = sourcecode.swift; path = Names.swift; sourceTree = "<group>"; };
		69077FB328A1369100D79DCB /* Date+Extension.swift */ = {isa = PBXFileReference; lastKnownFileType = sourcecode.swift; path = "Date+Extension.swift"; sourceTree = "<group>"; };
		69077FB528A13B1600D79DCB /* Functions.swift */ = {isa = PBXFileReference; lastKnownFileType = sourcecode.swift; path = Functions.swift; sourceTree = "<group>"; };
		693650B728BE2A510049884C /* Entity.swift */ = {isa = PBXFileReference; lastKnownFileType = sourcecode.swift; path = Entity.swift; sourceTree = "<group>"; };
		693650B928BE2A600049884C /* Repository.swift */ = {isa = PBXFileReference; lastKnownFileType = sourcecode.swift; path = Repository.swift; sourceTree = "<group>"; };
		693650BB28BE2A6B0049884C /* ViewModel.swift */ = {isa = PBXFileReference; lastKnownFileType = sourcecode.swift; path = ViewModel.swift; sourceTree = "<group>"; };
		693650BD28BE2A800049884C /* Model.swift */ = {isa = PBXFileReference; lastKnownFileType = sourcecode.swift; path = Model.swift; sourceTree = "<group>"; };
		693650BF28BE2A890049884C /* Service.swift */ = {isa = PBXFileReference; lastKnownFileType = sourcecode.swift; path = Service.swift; sourceTree = "<group>"; };
		697134962886E50200ACE7FB /* NoStoryBoard.app */ = {isa = PBXFileReference; explicitFileType = wrapper.application; includeInIndex = 0; path = NoStoryBoard.app; sourceTree = BUILT_PRODUCTS_DIR; };
		697134992886E50200ACE7FB /* AppDelegate.swift */ = {isa = PBXFileReference; lastKnownFileType = sourcecode.swift; path = AppDelegate.swift; sourceTree = "<group>"; };
		6971349B2886E50200ACE7FB /* SceneDelegate.swift */ = {isa = PBXFileReference; lastKnownFileType = sourcecode.swift; path = SceneDelegate.swift; sourceTree = "<group>"; };
		6971349D2886E50200ACE7FB /* ViewController.swift */ = {isa = PBXFileReference; lastKnownFileType = sourcecode.swift; path = ViewController.swift; sourceTree = "<group>"; };
		697134A22886E50300ACE7FB /* Assets.xcassets */ = {isa = PBXFileReference; lastKnownFileType = folder.assetcatalog; path = Assets.xcassets; sourceTree = "<group>"; };
		697134A52886E50300ACE7FB /* Base */ = {isa = PBXFileReference; lastKnownFileType = file.storyboard; name = Base; path = Base.lproj/LaunchScreen.storyboard; sourceTree = "<group>"; };
		697134A72886E50300ACE7FB /* Info.plist */ = {isa = PBXFileReference; lastKnownFileType = text.plist.xml; path = Info.plist; sourceTree = "<group>"; };
		697134AD28883D4B00ACE7FB /* TableViewController.swift */ = {isa = PBXFileReference; lastKnownFileType = sourcecode.swift; path = TableViewController.swift; sourceTree = "<group>"; };
		6973AEB228F5AA24007B7CCC /* LoggedOutRouter.swift */ = {isa = PBXFileReference; lastKnownFileType = sourcecode.swift; path = LoggedOutRouter.swift; sourceTree = "<group>"; };
		6973AEB328F5AA24007B7CCC /* LoggedOutViewController.swift */ = {isa = PBXFileReference; lastKnownFileType = sourcecode.swift; path = LoggedOutViewController.swift; sourceTree = "<group>"; };
		6973AEB428F5AA24007B7CCC /* LoggedOutBuilder.swift */ = {isa = PBXFileReference; lastKnownFileType = sourcecode.swift; path = LoggedOutBuilder.swift; sourceTree = "<group>"; };
		6973AEB528F5AA24007B7CCC /* LoggedOutInteractor.swift */ = {isa = PBXFileReference; lastKnownFileType = sourcecode.swift; path = LoggedOutInteractor.swift; sourceTree = "<group>"; };
		6BC9F8759DBD776D80509EC6 /* Pods-NoStoryBoard.debug.xcconfig */ = {isa = PBXFileReference; includeInIndex = 1; lastKnownFileType = text.xcconfig; name = "Pods-NoStoryBoard.debug.xcconfig"; path = "Target Support Files/Pods-NoStoryBoard/Pods-NoStoryBoard.debug.xcconfig"; sourceTree = "<group>"; };
		CE4F399A25CC564E36626D80 /* Pods-NoStoryBoard.release.xcconfig */ = {isa = PBXFileReference; includeInIndex = 1; lastKnownFileType = text.xcconfig; name = "Pods-NoStoryBoard.release.xcconfig"; path = "Target Support Files/Pods-NoStoryBoard/Pods-NoStoryBoard.release.xcconfig"; sourceTree = "<group>"; };
/* End PBXFileReference section */

/* Begin PBXFrameworksBuildPhase section */
		697134932886E50200ACE7FB /* Frameworks */ = {
			isa = PBXFrameworksBuildPhase;
			buildActionMask = 2147483647;
			files = (
				693650B628BCDE9A0049884C /* RxTest in Frameworks */,
				693650B228BCDE9A0049884C /* RxRelay in Frameworks */,
				693650AB28AD05AD0049884C /* Alamofire in Frameworks */,
				693650AE28BCDE9A0049884C /* RxBlocking in Frameworks */,
				693650B028BCDE9A0049884C /* RxCocoa in Frameworks */,
				69077FBE28A3D23300D79DCB /* FSCalendar in Frameworks */,
				69077FC128A3E1BB00D79DCB /* SnapKit in Frameworks */,
				693650B428BCDE9A0049884C /* RxSwift in Frameworks */,
				D77CA0EF5E271E4D0B1F38FD /* Pods_NoStoryBoard.framework in Frameworks */,
			);
			runOnlyForDeploymentPostprocessing = 0;
		};
/* End PBXFrameworksBuildPhase section */

/* Begin PBXGroup section */
		4EB3D39AF76314258D84A220 /* Pods */ = {
			isa = PBXGroup;
			children = (
				6BC9F8759DBD776D80509EC6 /* Pods-NoStoryBoard.debug.xcconfig */,
				CE4F399A25CC564E36626D80 /* Pods-NoStoryBoard.release.xcconfig */,
			);
			name = Pods;
			path = Pods;
			sourceTree = "<group>";
		};
		69077F98289AA00800D79DCB /* Network */ = {
			isa = PBXGroup;
			children = (
				69077F9B289AA5F500D79DCB /* UrlRequestJson.swift */,
			);
			path = Network;
			sourceTree = "<group>";
		};
		69077F9D289AAAC600D79DCB /* Description */ = {
			isa = PBXGroup;
			children = (
				69077F9E289AAAEC00D79DCB /* Names.swift */,
				69077FB528A13B1600D79DCB /* Functions.swift */,
			);
			path = Description;
			sourceTree = "<group>";
		};
		6971348D2886E50200ACE7FB = {
			isa = PBXGroup;
			children = (
				697134982886E50200ACE7FB /* NoStoryBoard */,
				697134972886E50200ACE7FB /* Products */,
				4EB3D39AF76314258D84A220 /* Pods */,
				8EE73DCDC163A0F9C2227BE1 /* Frameworks */,
			);
			sourceTree = "<group>";
		};
		697134972886E50200ACE7FB /* Products */ = {
			isa = PBXGroup;
			children = (
				697134962886E50200ACE7FB /* NoStoryBoard.app */,
			);
			name = Products;
			sourceTree = "<group>";
		};
		697134982886E50200ACE7FB /* NoStoryBoard */ = {
			isa = PBXGroup;
			children = (
				6973AEB128F5A9B0007B7CCC /* LoggedOut */,
				6973AEB028F5A99C007B7CCC /* MVVM */,
				69077F9D289AAAC600D79DCB /* Description */,
				69077F98289AA00800D79DCB /* Network */,
				697134AF288EBD1E00ACE7FB /* Extensions */,
				697134992886E50200ACE7FB /* AppDelegate.swift */,
				6971349B2886E50200ACE7FB /* SceneDelegate.swift */,
				697134A22886E50300ACE7FB /* Assets.xcassets */,
				697134A42886E50300ACE7FB /* LaunchScreen.storyboard */,
				697134A72886E50300ACE7FB /* Info.plist */,
			);
			path = NoStoryBoard;
			sourceTree = "<group>";
		};
		697134AF288EBD1E00ACE7FB /* Extensions */ = {
			isa = PBXGroup;
			children = (
				69077FB328A1369100D79DCB /* Date+Extension.swift */,
			);
			path = Extensions;
			sourceTree = "<group>";
		};
		6973AEB028F5A99C007B7CCC /* MVVM */ = {
			isa = PBXGroup;
			children = (
				697134AD28883D4B00ACE7FB /* TableViewController.swift */,
				6971349D2886E50200ACE7FB /* ViewController.swift */,
				693650BB28BE2A6B0049884C /* ViewModel.swift */,
				693650BF28BE2A890049884C /* Service.swift */,
				693650BD28BE2A800049884C /* Model.swift */,
				693650B928BE2A600049884C /* Repository.swift */,
				693650B728BE2A510049884C /* Entity.swift */,
			);
			path = MVVM;
			sourceTree = "<group>";
		};
		6973AEB128F5A9B0007B7CCC /* LoggedOut */ = {
			isa = PBXGroup;
			children = (
				6973AEB228F5AA24007B7CCC /* LoggedOutRouter.swift */,
				6973AEB328F5AA24007B7CCC /* LoggedOutViewController.swift */,
				6973AEB428F5AA24007B7CCC /* LoggedOutBuilder.swift */,
				6973AEB528F5AA24007B7CCC /* LoggedOutInteractor.swift */,
			);
			path = LoggedOut;
			sourceTree = "<group>";
		};
		8EE73DCDC163A0F9C2227BE1 /* Frameworks */ = {
			isa = PBXGroup;
			children = (
				5E19CB3548BAFE11C8539BB2 /* Pods_NoStoryBoard.framework */,
			);
			name = Frameworks;
			sourceTree = "<group>";
		};
/* End PBXGroup section */

/* Begin PBXNativeTarget section */
		697134952886E50200ACE7FB /* NoStoryBoard */ = {
			isa = PBXNativeTarget;
			buildConfigurationList = 697134AA2886E50300ACE7FB /* Build configuration list for PBXNativeTarget "NoStoryBoard" */;
			buildPhases = (
				7E3145584EDA395844368367 /* [CP] Check Pods Manifest.lock */,
				697134922886E50200ACE7FB /* Sources */,
				697134932886E50200ACE7FB /* Frameworks */,
				697134942886E50200ACE7FB /* Resources */,
				E0726E6FA76138DEA53CE270 /* [CP] Embed Pods Frameworks */,
			);
			buildRules = (
			);
			dependencies = (
			);
			name = NoStoryBoard;
			packageProductDependencies = (
				69077FBD28A3D23300D79DCB /* FSCalendar */,
				69077FC028A3E1BB00D79DCB /* SnapKit */,
				693650AA28AD05AD0049884C /* Alamofire */,
				693650AD28BCDE9A0049884C /* RxBlocking */,
				693650AF28BCDE9A0049884C /* RxCocoa */,
				693650B128BCDE9A0049884C /* RxRelay */,
				693650B328BCDE9A0049884C /* RxSwift */,
				693650B528BCDE9A0049884C /* RxTest */,
			);
			productName = NoStoryBoard;
			productReference = 697134962886E50200ACE7FB /* NoStoryBoard.app */;
			productType = "com.apple.product-type.application";
		};
/* End PBXNativeTarget section */

/* Begin PBXProject section */
		6971348E2886E50200ACE7FB /* Project object */ = {
			isa = PBXProject;
			attributes = {
				BuildIndependentTargetsInParallel = 1;
				LastSwiftUpdateCheck = 1340;
				LastUpgradeCheck = 1340;
				TargetAttributes = {
					697134952886E50200ACE7FB = {
						CreatedOnToolsVersion = 13.4.1;
					};
				};
			};
			buildConfigurationList = 697134912886E50200ACE7FB /* Build configuration list for PBXProject "NoStoryBoard" */;
			compatibilityVersion = "Xcode 13.0";
			developmentRegion = en;
			hasScannedForEncodings = 0;
			knownRegions = (
				en,
				Base,
			);
			mainGroup = 6971348D2886E50200ACE7FB;
			packageReferences = (
				69077FBC28A3D23300D79DCB /* XCRemoteSwiftPackageReference "FSCalendar.git" */,
				69077FBF28A3E1BB00D79DCB /* XCRemoteSwiftPackageReference "SnapKit.git" */,
				693650A928AD05AD0049884C /* XCRemoteSwiftPackageReference "Alamofire.git" */,
				693650AC28BCDE9A0049884C /* XCRemoteSwiftPackageReference "RxSwift.git" */,
			);
			productRefGroup = 697134972886E50200ACE7FB /* Products */;
			projectDirPath = "";
			projectRoot = "";
			targets = (
				697134952886E50200ACE7FB /* NoStoryBoard */,
			);
		};
/* End PBXProject section */

/* Begin PBXResourcesBuildPhase section */
		697134942886E50200ACE7FB /* Resources */ = {
			isa = PBXResourcesBuildPhase;
			buildActionMask = 2147483647;
			files = (
				697134A62886E50300ACE7FB /* LaunchScreen.storyboard in Resources */,
				697134A32886E50300ACE7FB /* Assets.xcassets in Resources */,
			);
			runOnlyForDeploymentPostprocessing = 0;
		};
/* End PBXResourcesBuildPhase section */

/* Begin PBXShellScriptBuildPhase section */
		7E3145584EDA395844368367 /* [CP] Check Pods Manifest.lock */ = {
			isa = PBXShellScriptBuildPhase;
			buildActionMask = 2147483647;
			files = (
			);
			inputFileListPaths = (
			);
			inputPaths = (
				"${PODS_PODFILE_DIR_PATH}/Podfile.lock",
				"${PODS_ROOT}/Manifest.lock",
			);
			name = "[CP] Check Pods Manifest.lock";
			outputFileListPaths = (
			);
			outputPaths = (
				"$(DERIVED_FILE_DIR)/Pods-NoStoryBoard-checkManifestLockResult.txt",
			);
			runOnlyForDeploymentPostprocessing = 0;
			shellPath = /bin/sh;
			shellScript = "diff \"${PODS_PODFILE_DIR_PATH}/Podfile.lock\" \"${PODS_ROOT}/Manifest.lock\" > /dev/null\nif [ $? != 0 ] ; then\n    # print error to STDERR\n    echo \"error: The sandbox is not in sync with the Podfile.lock. Run 'pod install' or update your CocoaPods installation.\" >&2\n    exit 1\nfi\n# This output is used by Xcode 'outputs' to avoid re-running this script phase.\necho \"SUCCESS\" > \"${SCRIPT_OUTPUT_FILE_0}\"\n";
			showEnvVarsInLog = 0;
		};
		E0726E6FA76138DEA53CE270 /* [CP] Embed Pods Frameworks */ = {
			isa = PBXShellScriptBuildPhase;
			buildActionMask = 2147483647;
			files = (
			);
			inputFileListPaths = (
				"${PODS_ROOT}/Target Support Files/Pods-NoStoryBoard/Pods-NoStoryBoard-frameworks-${CONFIGURATION}-input-files.xcfilelist",
			);
			name = "[CP] Embed Pods Frameworks";
			outputFileListPaths = (
				"${PODS_ROOT}/Target Support Files/Pods-NoStoryBoard/Pods-NoStoryBoard-frameworks-${CONFIGURATION}-output-files.xcfilelist",
			);
			runOnlyForDeploymentPostprocessing = 0;
			shellPath = /bin/sh;
			shellScript = "\"${PODS_ROOT}/Target Support Files/Pods-NoStoryBoard/Pods-NoStoryBoard-frameworks.sh\"\n";
			showEnvVarsInLog = 0;
		};
/* End PBXShellScriptBuildPhase section */

/* Begin PBXSourcesBuildPhase section */
		697134922886E50200ACE7FB /* Sources */ = {
			isa = PBXSourcesBuildPhase;
			buildActionMask = 2147483647;
			files = (
				69077FB428A1369100D79DCB /* Date+Extension.swift in Sources */,
				693650C028BE2A890049884C /* Service.swift in Sources */,
				6973AEB928F5AA24007B7CCC /* LoggedOutInteractor.swift in Sources */,
				6973AEB828F5AA24007B7CCC /* LoggedOutBuilder.swift in Sources */,
				69077F9C289AA5F500D79DCB /* UrlRequestJson.swift in Sources */,
				697134AE28883D4B00ACE7FB /* TableViewController.swift in Sources */,
				6973AEB728F5AA24007B7CCC /* LoggedOutViewController.swift in Sources */,
				69077FB628A13B1600D79DCB /* Functions.swift in Sources */,
				69077F9F289AAAEC00D79DCB /* Names.swift in Sources */,
				693650BA28BE2A600049884C /* Repository.swift in Sources */,
				693650BE28BE2A800049884C /* Model.swift in Sources */,
				6971349E2886E50200ACE7FB /* ViewController.swift in Sources */,
				693650B828BE2A510049884C /* Entity.swift in Sources */,
				6971349A2886E50200ACE7FB /* AppDelegate.swift in Sources */,
				6973AEB628F5AA24007B7CCC /* LoggedOutRouter.swift in Sources */,
				693650BC28BE2A6B0049884C /* ViewModel.swift in Sources */,
				6971349C2886E50200ACE7FB /* SceneDelegate.swift in Sources */,
			);
			runOnlyForDeploymentPostprocessing = 0;
		};
/* End PBXSourcesBuildPhase section */

/* Begin PBXVariantGroup section */
		697134A42886E50300ACE7FB /* LaunchScreen.storyboard */ = {
			isa = PBXVariantGroup;
			children = (
				697134A52886E50300ACE7FB /* Base */,
			);
			name = LaunchScreen.storyboard;
			sourceTree = "<group>";
		};
/* End PBXVariantGroup section */

/* Begin XCBuildConfiguration section */
		697134A82886E50300ACE7FB /* Debug */ = {
			isa = XCBuildConfiguration;
			buildSettings = {
				ALWAYS_SEARCH_USER_PATHS = NO;
				CLANG_ANALYZER_NONNULL = YES;
				CLANG_ANALYZER_NUMBER_OBJECT_CONVERSION = YES_AGGRESSIVE;
				CLANG_CXX_LANGUAGE_STANDARD = "gnu++17";
				CLANG_ENABLE_MODULES = YES;
				CLANG_ENABLE_OBJC_ARC = YES;
				CLANG_ENABLE_OBJC_WEAK = YES;
				CLANG_WARN_BLOCK_CAPTURE_AUTORELEASING = YES;
				CLANG_WARN_BOOL_CONVERSION = YES;
				CLANG_WARN_COMMA = YES;
				CLANG_WARN_CONSTANT_CONVERSION = YES;
				CLANG_WARN_DEPRECATED_OBJC_IMPLEMENTATIONS = YES;
				CLANG_WARN_DIRECT_OBJC_ISA_USAGE = YES_ERROR;
				CLANG_WARN_DOCUMENTATION_COMMENTS = YES;
				CLANG_WARN_EMPTY_BODY = YES;
				CLANG_WARN_ENUM_CONVERSION = YES;
				CLANG_WARN_INFINITE_RECURSION = YES;
				CLANG_WARN_INT_CONVERSION = YES;
				CLANG_WARN_NON_LITERAL_NULL_CONVERSION = YES;
				CLANG_WARN_OBJC_IMPLICIT_RETAIN_SELF = YES;
				CLANG_WARN_OBJC_LITERAL_CONVERSION = YES;
				CLANG_WARN_OBJC_ROOT_CLASS = YES_ERROR;
				CLANG_WARN_QUOTED_INCLUDE_IN_FRAMEWORK_HEADER = YES;
				CLANG_WARN_RANGE_LOOP_ANALYSIS = YES;
				CLANG_WARN_STRICT_PROTOTYPES = YES;
				CLANG_WARN_SUSPICIOUS_MOVE = YES;
				CLANG_WARN_UNGUARDED_AVAILABILITY = YES_AGGRESSIVE;
				CLANG_WARN_UNREACHABLE_CODE = YES;
				CLANG_WARN__DUPLICATE_METHOD_MATCH = YES;
				COPY_PHASE_STRIP = NO;
				DEBUG_INFORMATION_FORMAT = dwarf;
				ENABLE_STRICT_OBJC_MSGSEND = YES;
				ENABLE_TESTABILITY = YES;
				GCC_C_LANGUAGE_STANDARD = gnu11;
				GCC_DYNAMIC_NO_PIC = NO;
				GCC_NO_COMMON_BLOCKS = YES;
				GCC_OPTIMIZATION_LEVEL = 0;
				GCC_PREPROCESSOR_DEFINITIONS = (
					"DEBUG=1",
					"$(inherited)",
				);
				GCC_WARN_64_TO_32_BIT_CONVERSION = YES;
				GCC_WARN_ABOUT_RETURN_TYPE = YES_ERROR;
				GCC_WARN_UNDECLARED_SELECTOR = YES;
				GCC_WARN_UNINITIALIZED_AUTOS = YES_AGGRESSIVE;
				GCC_WARN_UNUSED_FUNCTION = YES;
				GCC_WARN_UNUSED_VARIABLE = YES;
				IPHONEOS_DEPLOYMENT_TARGET = 15.5;
				MTL_ENABLE_DEBUG_INFO = INCLUDE_SOURCE;
				MTL_FAST_MATH = YES;
				ONLY_ACTIVE_ARCH = YES;
				SDKROOT = iphoneos;
				SWIFT_ACTIVE_COMPILATION_CONDITIONS = DEBUG;
				SWIFT_OPTIMIZATION_LEVEL = "-Onone";
			};
			name = Debug;
		};
		697134A92886E50300ACE7FB /* Release */ = {
			isa = XCBuildConfiguration;
			buildSettings = {
				ALWAYS_SEARCH_USER_PATHS = NO;
				CLANG_ANALYZER_NONNULL = YES;
				CLANG_ANALYZER_NUMBER_OBJECT_CONVERSION = YES_AGGRESSIVE;
				CLANG_CXX_LANGUAGE_STANDARD = "gnu++17";
				CLANG_ENABLE_MODULES = YES;
				CLANG_ENABLE_OBJC_ARC = YES;
				CLANG_ENABLE_OBJC_WEAK = YES;
				CLANG_WARN_BLOCK_CAPTURE_AUTORELEASING = YES;
				CLANG_WARN_BOOL_CONVERSION = YES;
				CLANG_WARN_COMMA = YES;
				CLANG_WARN_CONSTANT_CONVERSION = YES;
				CLANG_WARN_DEPRECATED_OBJC_IMPLEMENTATIONS = YES;
				CLANG_WARN_DIRECT_OBJC_ISA_USAGE = YES_ERROR;
				CLANG_WARN_DOCUMENTATION_COMMENTS = YES;
				CLANG_WARN_EMPTY_BODY = YES;
				CLANG_WARN_ENUM_CONVERSION = YES;
				CLANG_WARN_INFINITE_RECURSION = YES;
				CLANG_WARN_INT_CONVERSION = YES;
				CLANG_WARN_NON_LITERAL_NULL_CONVERSION = YES;
				CLANG_WARN_OBJC_IMPLICIT_RETAIN_SELF = YES;
				CLANG_WARN_OBJC_LITERAL_CONVERSION = YES;
				CLANG_WARN_OBJC_ROOT_CLASS = YES_ERROR;
				CLANG_WARN_QUOTED_INCLUDE_IN_FRAMEWORK_HEADER = YES;
				CLANG_WARN_RANGE_LOOP_ANALYSIS = YES;
				CLANG_WARN_STRICT_PROTOTYPES = YES;
				CLANG_WARN_SUSPICIOUS_MOVE = YES;
				CLANG_WARN_UNGUARDED_AVAILABILITY = YES_AGGRESSIVE;
				CLANG_WARN_UNREACHABLE_CODE = YES;
				CLANG_WARN__DUPLICATE_METHOD_MATCH = YES;
				COPY_PHASE_STRIP = NO;
				DEBUG_INFORMATION_FORMAT = "dwarf-with-dsym";
				ENABLE_NS_ASSERTIONS = NO;
				ENABLE_STRICT_OBJC_MSGSEND = YES;
				GCC_C_LANGUAGE_STANDARD = gnu11;
				GCC_NO_COMMON_BLOCKS = YES;
				GCC_WARN_64_TO_32_BIT_CONVERSION = YES;
				GCC_WARN_ABOUT_RETURN_TYPE = YES_ERROR;
				GCC_WARN_UNDECLARED_SELECTOR = YES;
				GCC_WARN_UNINITIALIZED_AUTOS = YES_AGGRESSIVE;
				GCC_WARN_UNUSED_FUNCTION = YES;
				GCC_WARN_UNUSED_VARIABLE = YES;
				IPHONEOS_DEPLOYMENT_TARGET = 15.5;
				MTL_ENABLE_DEBUG_INFO = NO;
				MTL_FAST_MATH = YES;
				SDKROOT = iphoneos;
				SWIFT_COMPILATION_MODE = wholemodule;
				SWIFT_OPTIMIZATION_LEVEL = "-O";
				VALIDATE_PRODUCT = YES;
			};
			name = Release;
		};
		697134AB2886E50300ACE7FB /* Debug */ = {
			isa = XCBuildConfiguration;
			baseConfigurationReference = 6BC9F8759DBD776D80509EC6 /* Pods-NoStoryBoard.debug.xcconfig */;
			buildSettings = {
				ASSETCATALOG_COMPILER_APPICON_NAME = AppIcon;
				ASSETCATALOG_COMPILER_GLOBAL_ACCENT_COLOR_NAME = AccentColor;
				CODE_SIGN_STYLE = Automatic;
				CURRENT_PROJECT_VERSION = 1;
				DEVELOPMENT_TEAM = VVHTJQP5MT;
				GENERATE_INFOPLIST_FILE = YES;
				INFOPLIST_FILE = NoStoryBoard/Info.plist;
				INFOPLIST_KEY_UIApplicationSupportsIndirectInputEvents = YES;
				INFOPLIST_KEY_UILaunchStoryboardName = LaunchScreen;
				INFOPLIST_KEY_UISupportedInterfaceOrientations_iPad = "UIInterfaceOrientationPortrait UIInterfaceOrientationPortraitUpsideDown UIInterfaceOrientationLandscapeLeft UIInterfaceOrientationLandscapeRight";
				INFOPLIST_KEY_UISupportedInterfaceOrientations_iPhone = "UIInterfaceOrientationPortrait UIInterfaceOrientationLandscapeLeft UIInterfaceOrientationLandscapeRight";
				LD_RUNPATH_SEARCH_PATHS = (
					"$(inherited)",
					"@executable_path/Frameworks",
				);
				MARKETING_VERSION = 1.0;
				PRODUCT_BUNDLE_IDENTIFIER = mine.NoStoryBoard;
				PRODUCT_NAME = "$(TARGET_NAME)";
				SWIFT_EMIT_LOC_STRINGS = YES;
				SWIFT_VERSION = 5.0;
				TARGETED_DEVICE_FAMILY = "1,2";
			};
			name = Debug;
		};
		697134AC2886E50300ACE7FB /* Release */ = {
			isa = XCBuildConfiguration;
			baseConfigurationReference = CE4F399A25CC564E36626D80 /* Pods-NoStoryBoard.release.xcconfig */;
			buildSettings = {
				ASSETCATALOG_COMPILER_APPICON_NAME = AppIcon;
				ASSETCATALOG_COMPILER_GLOBAL_ACCENT_COLOR_NAME = AccentColor;
				CODE_SIGN_STYLE = Automatic;
				CURRENT_PROJECT_VERSION = 1;
				DEVELOPMENT_TEAM = VVHTJQP5MT;
				GENERATE_INFOPLIST_FILE = YES;
				INFOPLIST_FILE = NoStoryBoard/Info.plist;
				INFOPLIST_KEY_UIApplicationSupportsIndirectInputEvents = YES;
				INFOPLIST_KEY_UILaunchStoryboardName = LaunchScreen;
				INFOPLIST_KEY_UISupportedInterfaceOrientations_iPad = "UIInterfaceOrientationPortrait UIInterfaceOrientationPortraitUpsideDown UIInterfaceOrientationLandscapeLeft UIInterfaceOrientationLandscapeRight";
				INFOPLIST_KEY_UISupportedInterfaceOrientations_iPhone = "UIInterfaceOrientationPortrait UIInterfaceOrientationLandscapeLeft UIInterfaceOrientationLandscapeRight";
				LD_RUNPATH_SEARCH_PATHS = (
					"$(inherited)",
					"@executable_path/Frameworks",
				);
				MARKETING_VERSION = 1.0;
				PRODUCT_BUNDLE_IDENTIFIER = mine.NoStoryBoard;
				PRODUCT_NAME = "$(TARGET_NAME)";
				SWIFT_EMIT_LOC_STRINGS = YES;
				SWIFT_VERSION = 5.0;
				TARGETED_DEVICE_FAMILY = "1,2";
			};
			name = Release;
		};
/* End XCBuildConfiguration section */

/* Begin XCConfigurationList section */
		697134912886E50200ACE7FB /* Build configuration list for PBXProject "NoStoryBoard" */ = {
			isa = XCConfigurationList;
			buildConfigurations = (
				697134A82886E50300ACE7FB /* Debug */,
				697134A92886E50300ACE7FB /* Release */,
			);
			defaultConfigurationIsVisible = 0;
			defaultConfigurationName = Release;
		};
		697134AA2886E50300ACE7FB /* Build configuration list for PBXNativeTarget "NoStoryBoard" */ = {
			isa = XCConfigurationList;
			buildConfigurations = (
				697134AB2886E50300ACE7FB /* Debug */,
				697134AC2886E50300ACE7FB /* Release */,
			);
			defaultConfigurationIsVisible = 0;
			defaultConfigurationName = Release;
		};
/* End XCConfigurationList section */

/* Begin XCRemoteSwiftPackageReference section */
		69077FBC28A3D23300D79DCB /* XCRemoteSwiftPackageReference "FSCalendar.git" */ = {
			isa = XCRemoteSwiftPackageReference;
			repositoryURL = "https://github.com/WenchaoD/FSCalendar.git";
			requirement = {
				kind = exactVersion;
				version = 2.8.4;
			};
		};
		69077FBF28A3E1BB00D79DCB /* XCRemoteSwiftPackageReference "SnapKit.git" */ = {
			isa = XCRemoteSwiftPackageReference;
			repositoryURL = "https://github.com/SnapKit/SnapKit.git";
			requirement = {
				kind = upToNextMajorVersion;
				minimumVersion = 5.0.0;
			};
		};
		693650A928AD05AD0049884C /* XCRemoteSwiftPackageReference "Alamofire.git" */ = {
			isa = XCRemoteSwiftPackageReference;
			repositoryURL = "https://github.com/Alamofire/Alamofire.git";
			requirement = {
				kind = upToNextMajorVersion;
				minimumVersion = 5.0.0;
			};
		};
		693650AC28BCDE9A0049884C /* XCRemoteSwiftPackageReference "RxSwift.git" */ = {
			isa = XCRemoteSwiftPackageReference;
			repositoryURL = "https://github.com/ReactiveX/RxSwift.git";
			requirement = {
				kind = upToNextMajorVersion;
				minimumVersion = 6.0.0;
			};
		};
/* End XCRemoteSwiftPackageReference section */

/* Begin XCSwiftPackageProductDependency section */
		69077FBD28A3D23300D79DCB /* FSCalendar */ = {
			isa = XCSwiftPackageProductDependency;
			package = 69077FBC28A3D23300D79DCB /* XCRemoteSwiftPackageReference "FSCalendar.git" */;
			productName = FSCalendar;
		};
		69077FC028A3E1BB00D79DCB /* SnapKit */ = {
			isa = XCSwiftPackageProductDependency;
			package = 69077FBF28A3E1BB00D79DCB /* XCRemoteSwiftPackageReference "SnapKit.git" */;
			productName = SnapKit;
		};
		693650AA28AD05AD0049884C /* Alamofire */ = {
			isa = XCSwiftPackageProductDependency;
			package = 693650A928AD05AD0049884C /* XCRemoteSwiftPackageReference "Alamofire.git" */;
			productName = Alamofire;
		};
		693650AD28BCDE9A0049884C /* RxBlocking */ = {
			isa = XCSwiftPackageProductDependency;
			package = 693650AC28BCDE9A0049884C /* XCRemoteSwiftPackageReference "RxSwift.git" */;
			productName = RxBlocking;
		};
		693650AF28BCDE9A0049884C /* RxCocoa */ = {
			isa = XCSwiftPackageProductDependency;
			package = 693650AC28BCDE9A0049884C /* XCRemoteSwiftPackageReference "RxSwift.git" */;
			productName = RxCocoa;
		};
		693650B128BCDE9A0049884C /* RxRelay */ = {
			isa = XCSwiftPackageProductDependency;
			package = 693650AC28BCDE9A0049884C /* XCRemoteSwiftPackageReference "RxSwift.git" */;
			productName = RxRelay;
		};
		693650B328BCDE9A0049884C /* RxSwift */ = {
			isa = XCSwiftPackageProductDependency;
			package = 693650AC28BCDE9A0049884C /* XCRemoteSwiftPackageReference "RxSwift.git" */;
			productName = RxSwift;
		};
		693650B528BCDE9A0049884C /* RxTest */ = {
			isa = XCSwiftPackageProductDependency;
			package = 693650AC28BCDE9A0049884C /* XCRemoteSwiftPackageReference "RxSwift.git" */;
			productName = RxTest;
		};
/* End XCSwiftPackageProductDependency section */
	};
	rootObject = 6971348E2886E50200ACE7FB /* Project object */;
}
