// !$*UTF8*$!
{
	archiveVersion = 1;
	classes = {
	};
	objectVersion = 55;
	objects = {

/* Begin PBXBuildFile section */
		69077F9A289AA04800D79DCB /* ResponseJsonData.swift in Sources */ = {isa = PBXBuildFile; fileRef = 69077F99289AA04800D79DCB /* ResponseJsonData.swift */; };
		69077F9C289AA5F500D79DCB /* UrlRequestJson.swift in Sources */ = {isa = PBXBuildFile; fileRef = 69077F9B289AA5F500D79DCB /* UrlRequestJson.swift */; };
		69077F9F289AAAEC00D79DCB /* Names.swift in Sources */ = {isa = PBXBuildFile; fileRef = 69077F9E289AAAEC00D79DCB /* Names.swift */; };
		6971349A2886E50200ACE7FB /* AppDelegate.swift in Sources */ = {isa = PBXBuildFile; fileRef = 697134992886E50200ACE7FB /* AppDelegate.swift */; };
		6971349C2886E50200ACE7FB /* SceneDelegate.swift in Sources */ = {isa = PBXBuildFile; fileRef = 6971349B2886E50200ACE7FB /* SceneDelegate.swift */; };
		6971349E2886E50200ACE7FB /* ViewController.swift in Sources */ = {isa = PBXBuildFile; fileRef = 6971349D2886E50200ACE7FB /* ViewController.swift */; };
		697134A32886E50300ACE7FB /* Assets.xcassets in Resources */ = {isa = PBXBuildFile; fileRef = 697134A22886E50300ACE7FB /* Assets.xcassets */; };
		697134A62886E50300ACE7FB /* LaunchScreen.storyboard in Resources */ = {isa = PBXBuildFile; fileRef = 697134A42886E50300ACE7FB /* LaunchScreen.storyboard */; };
		697134AE28883D4B00ACE7FB /* TableViewController.swift in Sources */ = {isa = PBXBuildFile; fileRef = 697134AD28883D4B00ACE7FB /* TableViewController.swift */; };
		697134B1288EBD3700ACE7FB /* PopGesture.swift.swift in Sources */ = {isa = PBXBuildFile; fileRef = 697134B0288EBD3700ACE7FB /* PopGesture.swift.swift */; };
/* End PBXBuildFile section */

/* Begin PBXFileReference section */
		69077F99289AA04800D79DCB /* ResponseJsonData.swift */ = {isa = PBXFileReference; lastKnownFileType = sourcecode.swift; path = ResponseJsonData.swift; sourceTree = "<group>"; };
		69077F9B289AA5F500D79DCB /* UrlRequestJson.swift */ = {isa = PBXFileReference; lastKnownFileType = sourcecode.swift; path = UrlRequestJson.swift; sourceTree = "<group>"; };
		69077F9E289AAAEC00D79DCB /* Names.swift */ = {isa = PBXFileReference; lastKnownFileType = sourcecode.swift; path = Names.swift; sourceTree = "<group>"; };
		697134962886E50200ACE7FB /* NoStoryBoard.app */ = {isa = PBXFileReference; explicitFileType = wrapper.application; includeInIndex = 0; path = NoStoryBoard.app; sourceTree = BUILT_PRODUCTS_DIR; };
		697134992886E50200ACE7FB /* AppDelegate.swift */ = {isa = PBXFileReference; lastKnownFileType = sourcecode.swift; path = AppDelegate.swift; sourceTree = "<group>"; };
		6971349B2886E50200ACE7FB /* SceneDelegate.swift */ = {isa = PBXFileReference; lastKnownFileType = sourcecode.swift; path = SceneDelegate.swift; sourceTree = "<group>"; };
		6971349D2886E50200ACE7FB /* ViewController.swift */ = {isa = PBXFileReference; lastKnownFileType = sourcecode.swift; path = ViewController.swift; sourceTree = "<group>"; };
		697134A22886E50300ACE7FB /* Assets.xcassets */ = {isa = PBXFileReference; lastKnownFileType = folder.assetcatalog; path = Assets.xcassets; sourceTree = "<group>"; };
		697134A52886E50300ACE7FB /* Base */ = {isa = PBXFileReference; lastKnownFileType = file.storyboard; name = Base; path = Base.lproj/LaunchScreen.storyboard; sourceTree = "<group>"; };
		697134A72886E50300ACE7FB /* Info.plist */ = {isa = PBXFileReference; lastKnownFileType = text.plist.xml; path = Info.plist; sourceTree = "<group>"; };
		697134AD28883D4B00ACE7FB /* TableViewController.swift */ = {isa = PBXFileReference; lastKnownFileType = sourcecode.swift; path = TableViewController.swift; sourceTree = "<group>"; };
		697134B0288EBD3700ACE7FB /* PopGesture.swift.swift */ = {isa = PBXFileReference; lastKnownFileType = sourcecode.swift; path = PopGesture.swift.swift; sourceTree = "<group>"; };
		A54A137CABD3B64114F5D30E /* Pods-NoStoryBoard.debug.xcconfig */ = {isa = PBXFileReference; includeInIndex = 1; lastKnownFileType = text.xcconfig; name = "Pods-NoStoryBoard.debug.xcconfig"; path = "Target Support Files/Pods-NoStoryBoard/Pods-NoStoryBoard.debug.xcconfig"; sourceTree = "<group>"; };
		C03CBA534946C3F6C8BE7B40 /* Pods-NoStoryBoard.release.xcconfig */ = {isa = PBXFileReference; includeInIndex = 1; lastKnownFileType = text.xcconfig; name = "Pods-NoStoryBoard.release.xcconfig"; path = "Target Support Files/Pods-NoStoryBoard/Pods-NoStoryBoard.release.xcconfig"; sourceTree = "<group>"; };
/* End PBXFileReference section */

/* Begin PBXFrameworksBuildPhase section */
		697134932886E50200ACE7FB /* Frameworks */ = {
			isa = PBXFrameworksBuildPhase;
			buildActionMask = 2147483647;
			files = (
			);
			runOnlyForDeploymentPostprocessing = 0;
		};
/* End PBXFrameworksBuildPhase section */

/* Begin PBXGroup section */
		144A9F9BC76CF38BD0A10F6F /* Pods */ = {
			isa = PBXGroup;
			children = (
				A54A137CABD3B64114F5D30E /* Pods-NoStoryBoard.debug.xcconfig */,
				C03CBA534946C3F6C8BE7B40 /* Pods-NoStoryBoard.release.xcconfig */,
			);
			path = Pods;
			sourceTree = "<group>";
		};
		69077F98289AA00800D79DCB /* Network */ = {
			isa = PBXGroup;
			children = (
				69077F99289AA04800D79DCB /* ResponseJsonData.swift */,
				69077F9B289AA5F500D79DCB /* UrlRequestJson.swift */,
			);
			path = Network;
			sourceTree = "<group>";
		};
		69077F9D289AAAC600D79DCB /* Description */ = {
			isa = PBXGroup;
			children = (
				69077F9E289AAAEC00D79DCB /* Names.swift */,
			);
			path = Description;
			sourceTree = "<group>";
		};
		6971348D2886E50200ACE7FB = {
			isa = PBXGroup;
			children = (
				697134982886E50200ACE7FB /* NoStoryBoard */,
				697134972886E50200ACE7FB /* Products */,
				144A9F9BC76CF38BD0A10F6F /* Pods */,
				800809BFAAF0598E6FB41D79 /* Frameworks */,
			);
			sourceTree = "<group>";
		};
		697134972886E50200ACE7FB /* Products */ = {
			isa = PBXGroup;
			children = (
				697134962886E50200ACE7FB /* NoStoryBoard.app */,
			);
			name = Products;
			sourceTree = "<group>";
		};
		697134982886E50200ACE7FB /* NoStoryBoard */ = {
			isa = PBXGroup;
			children = (
				69077F9D289AAAC600D79DCB /* Description */,
				69077F98289AA00800D79DCB /* Network */,
				697134AF288EBD1E00ACE7FB /* Extensions */,
				697134992886E50200ACE7FB /* AppDelegate.swift */,
				6971349B2886E50200ACE7FB /* SceneDelegate.swift */,
				6971349D2886E50200ACE7FB /* ViewController.swift */,
				697134AD28883D4B00ACE7FB /* TableViewController.swift */,
				697134A22886E50300ACE7FB /* Assets.xcassets */,
				697134A42886E50300ACE7FB /* LaunchScreen.storyboard */,
				697134A72886E50300ACE7FB /* Info.plist */,
			);
			path = NoStoryBoard;
			sourceTree = "<group>";
		};
		697134AF288EBD1E00ACE7FB /* Extensions */ = {
			isa = PBXGroup;
			children = (
				697134B0288EBD3700ACE7FB /* PopGesture.swift.swift */,
			);
			path = Extensions;
			sourceTree = "<group>";
		};
		800809BFAAF0598E6FB41D79 /* Frameworks */ = {
			isa = PBXGroup;
			children = (
			);
			name = Frameworks;
			sourceTree = "<group>";
		};
/* End PBXGroup section */

/* Begin PBXNativeTarget section */
		697134952886E50200ACE7FB /* NoStoryBoard */ = {
			isa = PBXNativeTarget;
			buildConfigurationList = 697134AA2886E50300ACE7FB /* Build configuration list for PBXNativeTarget "NoStoryBoard" */;
			buildPhases = (
				213C940831A831597C1631A0 /* [CP] Check Pods Manifest.lock */,
				697134922886E50200ACE7FB /* Sources */,
				697134932886E50200ACE7FB /* Frameworks */,
				697134942886E50200ACE7FB /* Resources */,
			);
			buildRules = (
			);
			dependencies = (
			);
			name = NoStoryBoard;
			productName = NoStoryBoard;
			productReference = 697134962886E50200ACE7FB /* NoStoryBoard.app */;
			productType = "com.apple.product-type.application";
		};
/* End PBXNativeTarget section */

/* Begin PBXProject section */
		6971348E2886E50200ACE7FB /* Project object */ = {
			isa = PBXProject;
			attributes = {
				BuildIndependentTargetsInParallel = 1;
				LastSwiftUpdateCheck = 1340;
				LastUpgradeCheck = 1340;
				TargetAttributes = {
					697134952886E50200ACE7FB = {
						CreatedOnToolsVersion = 13.4.1;
					};
				};
			};
			buildConfigurationList = 697134912886E50200ACE7FB /* Build configuration list for PBXProject "NoStoryBoard" */;
			compatibilityVersion = "Xcode 13.0";
			developmentRegion = en;
			hasScannedForEncodings = 0;
			knownRegions = (
				en,
				Base,
			);
			mainGroup = 6971348D2886E50200ACE7FB;
			productRefGroup = 697134972886E50200ACE7FB /* Products */;
			projectDirPath = "";
			projectRoot = "";
			targets = (
				697134952886E50200ACE7FB /* NoStoryBoard */,
			);
		};
/* End PBXProject section */

/* Begin PBXResourcesBuildPhase section */
		697134942886E50200ACE7FB /* Resources */ = {
			isa = PBXResourcesBuildPhase;
			buildActionMask = 2147483647;
			files = (
				697134A62886E50300ACE7FB /* LaunchScreen.storyboard in Resources */,
				697134A32886E50300ACE7FB /* Assets.xcassets in Resources */,
			);
			runOnlyForDeploymentPostprocessing = 0;
		};
/* End PBXResourcesBuildPhase section */

/* Begin PBXShellScriptBuildPhase section */
		213C940831A831597C1631A0 /* [CP] Check Pods Manifest.lock */ = {
			isa = PBXShellScriptBuildPhase;
			buildActionMask = 2147483647;
			files = (
			);
			inputFileListPaths = (
			);
			inputPaths = (
				"${PODS_PODFILE_DIR_PATH}/Podfile.lock",
				"${PODS_ROOT}/Manifest.lock",
			);
			name = "[CP] Check Pods Manifest.lock";
			outputFileListPaths = (
			);
			outputPaths = (
				"$(DERIVED_FILE_DIR)/Pods-NoStoryBoard-checkManifestLockResult.txt",
			);
			runOnlyForDeploymentPostprocessing = 0;
			shellPath = /bin/sh;
			shellScript = "diff \"${PODS_PODFILE_DIR_PATH}/Podfile.lock\" \"${PODS_ROOT}/Manifest.lock\" > /dev/null\nif [ $? != 0 ] ; then\n    # print error to STDERR\n    echo \"error: The sandbox is not in sync with the Podfile.lock. Run 'pod install' or update your CocoaPods installation.\" >&2\n    exit 1\nfi\n# This output is used by Xcode 'outputs' to avoid re-running this script phase.\necho \"SUCCESS\" > \"${SCRIPT_OUTPUT_FILE_0}\"\n";
			showEnvVarsInLog = 0;
		};
/* End PBXShellScriptBuildPhase section */

/* Begin PBXSourcesBuildPhase section */
		697134922886E50200ACE7FB /* Sources */ = {
			isa = PBXSourcesBuildPhase;
			buildActionMask = 2147483647;
			files = (
				69077F9C289AA5F500D79DCB /* UrlRequestJson.swift in Sources */,
				697134AE28883D4B00ACE7FB /* TableViewController.swift in Sources */,
				69077F9F289AAAEC00D79DCB /* Names.swift in Sources */,
				6971349E2886E50200ACE7FB /* ViewController.swift in Sources */,
				697134B1288EBD3700ACE7FB /* PopGesture.swift.swift in Sources */,
				69077F9A289AA04800D79DCB /* ResponseJsonData.swift in Sources */,
				6971349A2886E50200ACE7FB /* AppDelegate.swift in Sources */,
				6971349C2886E50200ACE7FB /* SceneDelegate.swift in Sources */,
			);
			runOnlyForDeploymentPostprocessing = 0;
		};
/* End PBXSourcesBuildPhase section */

/* Begin PBXVariantGroup section */
		697134A42886E50300ACE7FB /* LaunchScreen.storyboard */ = {
			isa = PBXVariantGroup;
			children = (
				697134A52886E50300ACE7FB /* Base */,
			);
			name = LaunchScreen.storyboard;
			sourceTree = "<group>";
		};
/* End PBXVariantGroup section */

/* Begin XCBuildConfiguration section */
		697134A82886E50300ACE7FB /* Debug */ = {
			isa = XCBuildConfiguration;
			buildSettings = {
				ALWAYS_SEARCH_USER_PATHS = NO;
				CLANG_ANALYZER_NONNULL = YES;
				CLANG_ANALYZER_NUMBER_OBJECT_CONVERSION = YES_AGGRESSIVE;
				CLANG_CXX_LANGUAGE_STANDARD = "gnu++17";
				CLANG_ENABLE_MODULES = YES;
				CLANG_ENABLE_OBJC_ARC = YES;
				CLANG_ENABLE_OBJC_WEAK = YES;
				CLANG_WARN_BLOCK_CAPTURE_AUTORELEASING = YES;
				CLANG_WARN_BOOL_CONVERSION = YES;
				CLANG_WARN_COMMA = YES;
				CLANG_WARN_CONSTANT_CONVERSION = YES;
				CLANG_WARN_DEPRECATED_OBJC_IMPLEMENTATIONS = YES;
				CLANG_WARN_DIRECT_OBJC_ISA_USAGE = YES_ERROR;
				CLANG_WARN_DOCUMENTATION_COMMENTS = YES;
				CLANG_WARN_EMPTY_BODY = YES;
				CLANG_WARN_ENUM_CONVERSION = YES;
				CLANG_WARN_INFINITE_RECURSION = YES;
				CLANG_WARN_INT_CONVERSION = YES;
				CLANG_WARN_NON_LITERAL_NULL_CONVERSION = YES;
				CLANG_WARN_OBJC_IMPLICIT_RETAIN_SELF = YES;
				CLANG_WARN_OBJC_LITERAL_CONVERSION = YES;
				CLANG_WARN_OBJC_ROOT_CLASS = YES_ERROR;
				CLANG_WARN_QUOTED_INCLUDE_IN_FRAMEWORK_HEADER = YES;
				CLANG_WARN_RANGE_LOOP_ANALYSIS = YES;
				CLANG_WARN_STRICT_PROTOTYPES = YES;
				CLANG_WARN_SUSPICIOUS_MOVE = YES;
				CLANG_WARN_UNGUARDED_AVAILABILITY = YES_AGGRESSIVE;
				CLANG_WARN_UNREACHABLE_CODE = YES;
				CLANG_WARN__DUPLICATE_METHOD_MATCH = YES;
				COPY_PHASE_STRIP = NO;
				DEBUG_INFORMATION_FORMAT = dwarf;
				ENABLE_STRICT_OBJC_MSGSEND = YES;
				ENABLE_TESTABILITY = YES;
				GCC_C_LANGUAGE_STANDARD = gnu11;
				GCC_DYNAMIC_NO_PIC = NO;
				GCC_NO_COMMON_BLOCKS = YES;
				GCC_OPTIMIZATION_LEVEL = 0;
				GCC_PREPROCESSOR_DEFINITIONS = (
					"DEBUG=1",
					"$(inherited)",
				);
				GCC_WARN_64_TO_32_BIT_CONVERSION = YES;
				GCC_WARN_ABOUT_RETURN_TYPE = YES_ERROR;
				GCC_WARN_UNDECLARED_SELECTOR = YES;
				GCC_WARN_UNINITIALIZED_AUTOS = YES_AGGRESSIVE;
				GCC_WARN_UNUSED_FUNCTION = YES;
				GCC_WARN_UNUSED_VARIABLE = YES;
				IPHONEOS_DEPLOYMENT_TARGET = 15.5;
				MTL_ENABLE_DEBUG_INFO = INCLUDE_SOURCE;
				MTL_FAST_MATH = YES;
				ONLY_ACTIVE_ARCH = YES;
				SDKROOT = iphoneos;
				SWIFT_ACTIVE_COMPILATION_CONDITIONS = DEBUG;
				SWIFT_OPTIMIZATION_LEVEL = "-Onone";
			};
			name = Debug;
		};
		697134A92886E50300ACE7FB /* Release */ = {
			isa = XCBuildConfiguration;
			buildSettings = {
				ALWAYS_SEARCH_USER_PATHS = NO;
				CLANG_ANALYZER_NONNULL = YES;
				CLANG_ANALYZER_NUMBER_OBJECT_CONVERSION = YES_AGGRESSIVE;
				CLANG_CXX_LANGUAGE_STANDARD = "gnu++17";
				CLANG_ENABLE_MODULES = YES;
				CLANG_ENABLE_OBJC_ARC = YES;
				CLANG_ENABLE_OBJC_WEAK = YES;
				CLANG_WARN_BLOCK_CAPTURE_AUTORELEASING = YES;
				CLANG_WARN_BOOL_CONVERSION = YES;
				CLANG_WARN_COMMA = YES;
				CLANG_WARN_CONSTANT_CONVERSION = YES;
				CLANG_WARN_DEPRECATED_OBJC_IMPLEMENTATIONS = YES;
				CLANG_WARN_DIRECT_OBJC_ISA_USAGE = YES_ERROR;
				CLANG_WARN_DOCUMENTATION_COMMENTS = YES;
				CLANG_WARN_EMPTY_BODY = YES;
				CLANG_WARN_ENUM_CONVERSION = YES;
				CLANG_WARN_INFINITE_RECURSION = YES;
				CLANG_WARN_INT_CONVERSION = YES;
				CLANG_WARN_NON_LITERAL_NULL_CONVERSION = YES;
				CLANG_WARN_OBJC_IMPLICIT_RETAIN_SELF = YES;
				CLANG_WARN_OBJC_LITERAL_CONVERSION = YES;
				CLANG_WARN_OBJC_ROOT_CLASS = YES_ERROR;
				CLANG_WARN_QUOTED_INCLUDE_IN_FRAMEWORK_HEADER = YES;
				CLANG_WARN_RANGE_LOOP_ANALYSIS = YES;
				CLANG_WARN_STRICT_PROTOTYPES = YES;
				CLANG_WARN_SUSPICIOUS_MOVE = YES;
				CLANG_WARN_UNGUARDED_AVAILABILITY = YES_AGGRESSIVE;
				CLANG_WARN_UNREACHABLE_CODE = YES;
				CLANG_WARN__DUPLICATE_METHOD_MATCH = YES;
				COPY_PHASE_STRIP = NO;
				DEBUG_INFORMATION_FORMAT = "dwarf-with-dsym";
				ENABLE_NS_ASSERTIONS = NO;
				ENABLE_STRICT_OBJC_MSGSEND = YES;
				GCC_C_LANGUAGE_STANDARD = gnu11;
				GCC_NO_COMMON_BLOCKS = YES;
				GCC_WARN_64_TO_32_BIT_CONVERSION = YES;
				GCC_WARN_ABOUT_RETURN_TYPE = YES_ERROR;
				GCC_WARN_UNDECLARED_SELECTOR = YES;
				GCC_WARN_UNINITIALIZED_AUTOS = YES_AGGRESSIVE;
				GCC_WARN_UNUSED_FUNCTION = YES;
				GCC_WARN_UNUSED_VARIABLE = YES;
				IPHONEOS_DEPLOYMENT_TARGET = 15.5;
				MTL_ENABLE_DEBUG_INFO = NO;
				MTL_FAST_MATH = YES;
				SDKROOT = iphoneos;
				SWIFT_COMPILATION_MODE = wholemodule;
				SWIFT_OPTIMIZATION_LEVEL = "-O";
				VALIDATE_PRODUCT = YES;
			};
			name = Release;
		};
		697134AB2886E50300ACE7FB /* Debug */ = {
			isa = XCBuildConfiguration;
			baseConfigurationReference = A54A137CABD3B64114F5D30E /* Pods-NoStoryBoard.debug.xcconfig */;
			buildSettings = {
				ASSETCATALOG_COMPILER_APPICON_NAME = AppIcon;
				ASSETCATALOG_COMPILER_GLOBAL_ACCENT_COLOR_NAME = AccentColor;
				CODE_SIGN_STYLE = Automatic;
				CURRENT_PROJECT_VERSION = 1;
				DEVELOPMENT_TEAM = VVHTJQP5MT;
				GENERATE_INFOPLIST_FILE = YES;
				INFOPLIST_FILE = NoStoryBoard/Info.plist;
				INFOPLIST_KEY_UIApplicationSupportsIndirectInputEvents = YES;
				INFOPLIST_KEY_UILaunchStoryboardName = LaunchScreen;
				INFOPLIST_KEY_UISupportedInterfaceOrientations_iPad = "UIInterfaceOrientationPortrait UIInterfaceOrientationPortraitUpsideDown UIInterfaceOrientationLandscapeLeft UIInterfaceOrientationLandscapeRight";
				INFOPLIST_KEY_UISupportedInterfaceOrientations_iPhone = "UIInterfaceOrientationPortrait UIInterfaceOrientationLandscapeLeft UIInterfaceOrientationLandscapeRight";
				LD_RUNPATH_SEARCH_PATHS = (
					"$(inherited)",
					"@executable_path/Frameworks",
				);
				MARKETING_VERSION = 1.0;
				PRODUCT_BUNDLE_IDENTIFIER = mine.NoStoryBoard;
				PRODUCT_NAME = "$(TARGET_NAME)";
				SWIFT_EMIT_LOC_STRINGS = YES;
				SWIFT_VERSION = 5.0;
				TARGETED_DEVICE_FAMILY = "1,2";
			};
			name = Debug;
		};
		697134AC2886E50300ACE7FB /* Release */ = {
			isa = XCBuildConfiguration;
			baseConfigurationReference = C03CBA534946C3F6C8BE7B40 /* Pods-NoStoryBoard.release.xcconfig */;
			buildSettings = {
				ASSETCATALOG_COMPILER_APPICON_NAME = AppIcon;
				ASSETCATALOG_COMPILER_GLOBAL_ACCENT_COLOR_NAME = AccentColor;
				CODE_SIGN_STYLE = Automatic;
				CURRENT_PROJECT_VERSION = 1;
				DEVELOPMENT_TEAM = VVHTJQP5MT;
				GENERATE_INFOPLIST_FILE = YES;
				INFOPLIST_FILE = NoStoryBoard/Info.plist;
				INFOPLIST_KEY_UIApplicationSupportsIndirectInputEvents = YES;
				INFOPLIST_KEY_UILaunchStoryboardName = LaunchScreen;
				INFOPLIST_KEY_UISupportedInterfaceOrientations_iPad = "UIInterfaceOrientationPortrait UIInterfaceOrientationPortraitUpsideDown UIInterfaceOrientationLandscapeLeft UIInterfaceOrientationLandscapeRight";
				INFOPLIST_KEY_UISupportedInterfaceOrientations_iPhone = "UIInterfaceOrientationPortrait UIInterfaceOrientationLandscapeLeft UIInterfaceOrientationLandscapeRight";
				LD_RUNPATH_SEARCH_PATHS = (
					"$(inherited)",
					"@executable_path/Frameworks",
				);
				MARKETING_VERSION = 1.0;
				PRODUCT_BUNDLE_IDENTIFIER = mine.NoStoryBoard;
				PRODUCT_NAME = "$(TARGET_NAME)";
				SWIFT_EMIT_LOC_STRINGS = YES;
				SWIFT_VERSION = 5.0;
				TARGETED_DEVICE_FAMILY = "1,2";
			};
			name = Release;
		};
/* End XCBuildConfiguration section */

/* Begin XCConfigurationList section */
		697134912886E50200ACE7FB /* Build configuration list for PBXProject "NoStoryBoard" */ = {
			isa = XCConfigurationList;
			buildConfigurations = (
				697134A82886E50300ACE7FB /* Debug */,
				697134A92886E50300ACE7FB /* Release */,
			);
			defaultConfigurationIsVisible = 0;
			defaultConfigurationName = Release;
		};
		697134AA2886E50300ACE7FB /* Build configuration list for PBXNativeTarget "NoStoryBoard" */ = {
			isa = XCConfigurationList;
			buildConfigurations = (
				697134AB2886E50300ACE7FB /* Debug */,
				697134AC2886E50300ACE7FB /* Release */,
			);
			defaultConfigurationIsVisible = 0;
			defaultConfigurationName = Release;
		};
/* End XCConfigurationList section */
	};
	rootObject = 6971348E2886E50200ACE7FB /* Project object */;
}
