// !$*UTF8*$!
{
	archiveVersion = 1;
	classes = {
	};
	objectVersion = 56;
	objects = {

/* Begin PBXBuildFile section */
		6973C75029A3A788007FF27D /* SnapKit in Frameworks */ = {isa = PBXBuildFile; productRef = 6973C74F29A3A788007FF27D /* SnapKit */; };
		6973C75329A3A926007FF27D /* Then in Frameworks */ = {isa = PBXBuildFile; productRef = 6973C75229A3A926007FF27D /* Then */; };
		6973C75929A3AF63007FF27D /* LoginRouter.swift in Sources */ = {isa = PBXBuildFile; fileRef = 6973C75529A3AF63007FF27D /* LoginRouter.swift */; };
		6973C75A29A3AF63007FF27D /* LoginViewController.swift in Sources */ = {isa = PBXBuildFile; fileRef = 6973C75629A3AF63007FF27D /* LoginViewController.swift */; };
		6973C75B29A3AF63007FF27D /* LoginBuilder.swift in Sources */ = {isa = PBXBuildFile; fileRef = 6973C75729A3AF63007FF27D /* LoginBuilder.swift */; };
		6973C75C29A3AF63007FF27D /* LoginInteractor.swift in Sources */ = {isa = PBXBuildFile; fileRef = 6973C75829A3AF63007FF27D /* LoginInteractor.swift */; };
		697D23EB29A0A5B5008BAA90 /* AppDelegate.swift in Sources */ = {isa = PBXBuildFile; fileRef = 697D23EA29A0A5B5008BAA90 /* AppDelegate.swift */; };
		697D23ED29A0A5B5008BAA90 /* SceneDelegate.swift in Sources */ = {isa = PBXBuildFile; fileRef = 697D23EC29A0A5B5008BAA90 /* SceneDelegate.swift */; };
		697D23F429A0A5B6008BAA90 /* Assets.xcassets in Resources */ = {isa = PBXBuildFile; fileRef = 697D23F329A0A5B6008BAA90 /* Assets.xcassets */; };
		697D240229A0A5B6008BAA90 /* ToyTests.swift in Sources */ = {isa = PBXBuildFile; fileRef = 697D240129A0A5B6008BAA90 /* ToyTests.swift */; };
		697D240C29A0A5B6008BAA90 /* ToyUITests.swift in Sources */ = {isa = PBXBuildFile; fileRef = 697D240B29A0A5B6008BAA90 /* ToyUITests.swift */; };
		697D240E29A0A5B6008BAA90 /* ToyUITestsLaunchTests.swift in Sources */ = {isa = PBXBuildFile; fileRef = 697D240D29A0A5B6008BAA90 /* ToyUITestsLaunchTests.swift */; };
		697D242529A0A7B7008BAA90 /* RIBs in Frameworks */ = {isa = PBXBuildFile; productRef = 697D242429A0A7B7008BAA90 /* RIBs */; };
		697D242729A0B061008BAA90 /* AppComponent.swift in Sources */ = {isa = PBXBuildFile; fileRef = 697D242629A0B061008BAA90 /* AppComponent.swift */; };
		697D242D29A0B131008BAA90 /* RootRouter.swift in Sources */ = {isa = PBXBuildFile; fileRef = 697D242929A0B131008BAA90 /* RootRouter.swift */; };
		697D242E29A0B131008BAA90 /* RootViewController.swift in Sources */ = {isa = PBXBuildFile; fileRef = 697D242A29A0B131008BAA90 /* RootViewController.swift */; };
		697D242F29A0B131008BAA90 /* RootBuilder.swift in Sources */ = {isa = PBXBuildFile; fileRef = 697D242B29A0B131008BAA90 /* RootBuilder.swift */; };
		697D243029A0B131008BAA90 /* RootInteractor.swift in Sources */ = {isa = PBXBuildFile; fileRef = 697D242C29A0B131008BAA90 /* RootInteractor.swift */; };
		697D243629A1EBB6008BAA90 /* HomeRouter.swift in Sources */ = {isa = PBXBuildFile; fileRef = 697D243229A1EBB6008BAA90 /* HomeRouter.swift */; };
		697D243729A1EBB6008BAA90 /* HomeViewController.swift in Sources */ = {isa = PBXBuildFile; fileRef = 697D243329A1EBB6008BAA90 /* HomeViewController.swift */; };
		697D243829A1EBB6008BAA90 /* HomeBuilder.swift in Sources */ = {isa = PBXBuildFile; fileRef = 697D243429A1EBB6008BAA90 /* HomeBuilder.swift */; };
		697D243929A1EBB6008BAA90 /* HomeInteractor.swift in Sources */ = {isa = PBXBuildFile; fileRef = 697D243529A1EBB6008BAA90 /* HomeInteractor.swift */; };
/* End PBXBuildFile section */

/* Begin PBXContainerItemProxy section */
		697D23FE29A0A5B6008BAA90 /* PBXContainerItemProxy */ = {
			isa = PBXContainerItemProxy;
			containerPortal = 697D23DF29A0A5B5008BAA90 /* Project object */;
			proxyType = 1;
			remoteGlobalIDString = 697D23E629A0A5B5008BAA90;
			remoteInfo = Toy;
		};
		697D240829A0A5B6008BAA90 /* PBXContainerItemProxy */ = {
			isa = PBXContainerItemProxy;
			containerPortal = 697D23DF29A0A5B5008BAA90 /* Project object */;
			proxyType = 1;
			remoteGlobalIDString = 697D23E629A0A5B5008BAA90;
			remoteInfo = Toy;
		};
/* End PBXContainerItemProxy section */

/* Begin PBXFileReference section */
		6973C75529A3AF63007FF27D /* LoginRouter.swift */ = {isa = PBXFileReference; lastKnownFileType = sourcecode.swift; path = LoginRouter.swift; sourceTree = "<group>"; };
		6973C75629A3AF63007FF27D /* LoginViewController.swift */ = {isa = PBXFileReference; lastKnownFileType = sourcecode.swift; path = LoginViewController.swift; sourceTree = "<group>"; };
		6973C75729A3AF63007FF27D /* LoginBuilder.swift */ = {isa = PBXFileReference; lastKnownFileType = sourcecode.swift; path = LoginBuilder.swift; sourceTree = "<group>"; };
		6973C75829A3AF63007FF27D /* LoginInteractor.swift */ = {isa = PBXFileReference; lastKnownFileType = sourcecode.swift; path = LoginInteractor.swift; sourceTree = "<group>"; };
		697D23E729A0A5B5008BAA90 /* Toy.app */ = {isa = PBXFileReference; explicitFileType = wrapper.application; includeInIndex = 0; path = Toy.app; sourceTree = BUILT_PRODUCTS_DIR; };
		697D23EA29A0A5B5008BAA90 /* AppDelegate.swift */ = {isa = PBXFileReference; lastKnownFileType = sourcecode.swift; path = AppDelegate.swift; sourceTree = "<group>"; };
		697D23EC29A0A5B5008BAA90 /* SceneDelegate.swift */ = {isa = PBXFileReference; lastKnownFileType = sourcecode.swift; path = SceneDelegate.swift; sourceTree = "<group>"; };
		697D23F329A0A5B6008BAA90 /* Assets.xcassets */ = {isa = PBXFileReference; lastKnownFileType = folder.assetcatalog; path = Assets.xcassets; sourceTree = "<group>"; };
		697D23F829A0A5B6008BAA90 /* Info.plist */ = {isa = PBXFileReference; lastKnownFileType = text.plist.xml; path = Info.plist; sourceTree = "<group>"; };
		697D23FD29A0A5B6008BAA90 /* ToyTests.xctest */ = {isa = PBXFileReference; explicitFileType = wrapper.cfbundle; includeInIndex = 0; path = ToyTests.xctest; sourceTree = BUILT_PRODUCTS_DIR; };
		697D240129A0A5B6008BAA90 /* ToyTests.swift */ = {isa = PBXFileReference; lastKnownFileType = sourcecode.swift; path = ToyTests.swift; sourceTree = "<group>"; };
		697D240729A0A5B6008BAA90 /* ToyUITests.xctest */ = {isa = PBXFileReference; explicitFileType = wrapper.cfbundle; includeInIndex = 0; path = ToyUITests.xctest; sourceTree = BUILT_PRODUCTS_DIR; };
		697D240B29A0A5B6008BAA90 /* ToyUITests.swift */ = {isa = PBXFileReference; lastKnownFileType = sourcecode.swift; path = ToyUITests.swift; sourceTree = "<group>"; };
		697D240D29A0A5B6008BAA90 /* ToyUITestsLaunchTests.swift */ = {isa = PBXFileReference; lastKnownFileType = sourcecode.swift; path = ToyUITestsLaunchTests.swift; sourceTree = "<group>"; };
		697D242629A0B061008BAA90 /* AppComponent.swift */ = {isa = PBXFileReference; lastKnownFileType = sourcecode.swift; path = AppComponent.swift; sourceTree = "<group>"; };
		697D242929A0B131008BAA90 /* RootRouter.swift */ = {isa = PBXFileReference; lastKnownFileType = sourcecode.swift; path = RootRouter.swift; sourceTree = "<group>"; };
		697D242A29A0B131008BAA90 /* RootViewController.swift */ = {isa = PBXFileReference; lastKnownFileType = sourcecode.swift; path = RootViewController.swift; sourceTree = "<group>"; };
		697D242B29A0B131008BAA90 /* RootBuilder.swift */ = {isa = PBXFileReference; lastKnownFileType = sourcecode.swift; path = RootBuilder.swift; sourceTree = "<group>"; };
		697D242C29A0B131008BAA90 /* RootInteractor.swift */ = {isa = PBXFileReference; lastKnownFileType = sourcecode.swift; path = RootInteractor.swift; sourceTree = "<group>"; };
		697D243229A1EBB6008BAA90 /* HomeRouter.swift */ = {isa = PBXFileReference; lastKnownFileType = sourcecode.swift; path = HomeRouter.swift; sourceTree = "<group>"; };
		697D243329A1EBB6008BAA90 /* HomeViewController.swift */ = {isa = PBXFileReference; lastKnownFileType = sourcecode.swift; path = HomeViewController.swift; sourceTree = "<group>"; };
		697D243429A1EBB6008BAA90 /* HomeBuilder.swift */ = {isa = PBXFileReference; lastKnownFileType = sourcecode.swift; path = HomeBuilder.swift; sourceTree = "<group>"; };
		697D243529A1EBB6008BAA90 /* HomeInteractor.swift */ = {isa = PBXFileReference; lastKnownFileType = sourcecode.swift; path = HomeInteractor.swift; sourceTree = "<group>"; };
/* End PBXFileReference section */

/* Begin PBXFrameworksBuildPhase section */
		697D23E429A0A5B5008BAA90 /* Frameworks */ = {
			isa = PBXFrameworksBuildPhase;
			buildActionMask = 2147483647;
			files = (
				697D242529A0A7B7008BAA90 /* RIBs in Frameworks */,
				6973C75329A3A926007FF27D /* Then in Frameworks */,
				6973C75029A3A788007FF27D /* SnapKit in Frameworks */,
			);
			runOnlyForDeploymentPostprocessing = 0;
		};
		697D23FA29A0A5B6008BAA90 /* Frameworks */ = {
			isa = PBXFrameworksBuildPhase;
			buildActionMask = 2147483647;
			files = (
			);
			runOnlyForDeploymentPostprocessing = 0;
		};
		697D240429A0A5B6008BAA90 /* Frameworks */ = {
			isa = PBXFrameworksBuildPhase;
			buildActionMask = 2147483647;
			files = (
			);
			runOnlyForDeploymentPostprocessing = 0;
		};
/* End PBXFrameworksBuildPhase section */

/* Begin PBXGroup section */
		6973C75429A3AF0C007FF27D /* Login */ = {
			isa = PBXGroup;
			children = (
				6973C75529A3AF63007FF27D /* LoginRouter.swift */,
				6973C75629A3AF63007FF27D /* LoginViewController.swift */,
				6973C75729A3AF63007FF27D /* LoginBuilder.swift */,
				6973C75829A3AF63007FF27D /* LoginInteractor.swift */,
			);
			path = Login;
			sourceTree = "<group>";
		};
		697D23DE29A0A5B5008BAA90 = {
			isa = PBXGroup;
			children = (
				697D23E929A0A5B5008BAA90 /* Toy */,
				697D240029A0A5B6008BAA90 /* ToyTests */,
				697D240A29A0A5B6008BAA90 /* ToyUITests */,
				697D23E829A0A5B5008BAA90 /* Products */,
			);
			sourceTree = "<group>";
		};
		697D23E829A0A5B5008BAA90 /* Products */ = {
			isa = PBXGroup;
			children = (
				697D23E729A0A5B5008BAA90 /* Toy.app */,
				697D23FD29A0A5B6008BAA90 /* ToyTests.xctest */,
				697D240729A0A5B6008BAA90 /* ToyUITests.xctest */,
			);
			name = Products;
			sourceTree = "<group>";
		};
		697D23E929A0A5B5008BAA90 /* Toy */ = {
			isa = PBXGroup;
			children = (
				697D242629A0B061008BAA90 /* AppComponent.swift */,
				697D23EA29A0A5B5008BAA90 /* AppDelegate.swift */,
				697D23EC29A0A5B5008BAA90 /* SceneDelegate.swift */,
				697D242829A0B121008BAA90 /* Root */,
				697D243129A1EB2C008BAA90 /* Home */,
				6973C75429A3AF0C007FF27D /* Login */,
				697D23F329A0A5B6008BAA90 /* Assets.xcassets */,
				697D23F829A0A5B6008BAA90 /* Info.plist */,
			);
			path = Toy;
			sourceTree = "<group>";
		};
		697D240029A0A5B6008BAA90 /* ToyTests */ = {
			isa = PBXGroup;
			children = (
				697D240129A0A5B6008BAA90 /* ToyTests.swift */,
			);
			path = ToyTests;
			sourceTree = "<group>";
		};
		697D240A29A0A5B6008BAA90 /* ToyUITests */ = {
			isa = PBXGroup;
			children = (
				697D240B29A0A5B6008BAA90 /* ToyUITests.swift */,
				697D240D29A0A5B6008BAA90 /* ToyUITestsLaunchTests.swift */,
			);
			path = ToyUITests;
			sourceTree = "<group>";
		};
		697D242829A0B121008BAA90 /* Root */ = {
			isa = PBXGroup;
			children = (
				697D242929A0B131008BAA90 /* RootRouter.swift */,
				697D242A29A0B131008BAA90 /* RootViewController.swift */,
				697D242B29A0B131008BAA90 /* RootBuilder.swift */,
				697D242C29A0B131008BAA90 /* RootInteractor.swift */,
			);
			path = Root;
			sourceTree = "<group>";
		};
		697D243129A1EB2C008BAA90 /* Home */ = {
			isa = PBXGroup;
			children = (
				697D243229A1EBB6008BAA90 /* HomeRouter.swift */,
				697D243329A1EBB6008BAA90 /* HomeViewController.swift */,
				697D243429A1EBB6008BAA90 /* HomeBuilder.swift */,
				697D243529A1EBB6008BAA90 /* HomeInteractor.swift */,
			);
			path = Home;
			sourceTree = "<group>";
		};
/* End PBXGroup section */

/* Begin PBXNativeTarget section */
		697D23E629A0A5B5008BAA90 /* Toy */ = {
			isa = PBXNativeTarget;
			buildConfigurationList = 697D241129A0A5B6008BAA90 /* Build configuration list for PBXNativeTarget "Toy" */;
			buildPhases = (
				697D23E329A0A5B5008BAA90 /* Sources */,
				697D23E429A0A5B5008BAA90 /* Frameworks */,
				697D23E529A0A5B5008BAA90 /* Resources */,
			);
			buildRules = (
			);
			dependencies = (
			);
			name = Toy;
			packageProductDependencies = (
				697D242429A0A7B7008BAA90 /* RIBs */,
				6973C74F29A3A788007FF27D /* SnapKit */,
				6973C75229A3A926007FF27D /* Then */,
			);
			productName = Toy;
			productReference = 697D23E729A0A5B5008BAA90 /* Toy.app */;
			productType = "com.apple.product-type.application";
		};
		697D23FC29A0A5B6008BAA90 /* ToyTests */ = {
			isa = PBXNativeTarget;
			buildConfigurationList = 697D241429A0A5B6008BAA90 /* Build configuration list for PBXNativeTarget "ToyTests" */;
			buildPhases = (
				697D23F929A0A5B6008BAA90 /* Sources */,
				697D23FA29A0A5B6008BAA90 /* Frameworks */,
				697D23FB29A0A5B6008BAA90 /* Resources */,
			);
			buildRules = (
			);
			dependencies = (
				697D23FF29A0A5B6008BAA90 /* PBXTargetDependency */,
			);
			name = ToyTests;
			productName = ToyTests;
			productReference = 697D23FD29A0A5B6008BAA90 /* ToyTests.xctest */;
			productType = "com.apple.product-type.bundle.unit-test";
		};
		697D240629A0A5B6008BAA90 /* ToyUITests */ = {
			isa = PBXNativeTarget;
			buildConfigurationList = 697D241729A0A5B6008BAA90 /* Build configuration list for PBXNativeTarget "ToyUITests" */;
			buildPhases = (
				697D240329A0A5B6008BAA90 /* Sources */,
				697D240429A0A5B6008BAA90 /* Frameworks */,
				697D240529A0A5B6008BAA90 /* Resources */,
			);
			buildRules = (
			);
			dependencies = (
				697D240929A0A5B6008BAA90 /* PBXTargetDependency */,
			);
			name = ToyUITests;
			productName = ToyUITests;
			productReference = 697D240729A0A5B6008BAA90 /* ToyUITests.xctest */;
			productType = "com.apple.product-type.bundle.ui-testing";
		};
/* End PBXNativeTarget section */

/* Begin PBXProject section */
		697D23DF29A0A5B5008BAA90 /* Project object */ = {
			isa = PBXProject;
			attributes = {
				BuildIndependentTargetsInParallel = 1;
				LastSwiftUpdateCheck = 1420;
				LastUpgradeCheck = 1420;
				TargetAttributes = {
					697D23E629A0A5B5008BAA90 = {
						CreatedOnToolsVersion = 14.2;
					};
					697D23FC29A0A5B6008BAA90 = {
						CreatedOnToolsVersion = 14.2;
						TestTargetID = 697D23E629A0A5B5008BAA90;
					};
					697D240629A0A5B6008BAA90 = {
						CreatedOnToolsVersion = 14.2;
						TestTargetID = 697D23E629A0A5B5008BAA90;
					};
				};
			};
			buildConfigurationList = 697D23E229A0A5B5008BAA90 /* Build configuration list for PBXProject "Toy" */;
			compatibilityVersion = "Xcode 14.0";
			developmentRegion = en;
			hasScannedForEncodings = 0;
			knownRegions = (
				en,
				Base,
			);
			mainGroup = 697D23DE29A0A5B5008BAA90;
			packageReferences = (
				697D242329A0A7B7008BAA90 /* XCRemoteSwiftPackageReference "RIBs" */,
				6973C74E29A3A788007FF27D /* XCRemoteSwiftPackageReference "SnapKit" */,
				6973C75129A3A926007FF27D /* XCRemoteSwiftPackageReference "Then" */,
			);
			productRefGroup = 697D23E829A0A5B5008BAA90 /* Products */;
			projectDirPath = "";
			projectRoot = "";
			targets = (
				697D23E629A0A5B5008BAA90 /* Toy */,
				697D23FC29A0A5B6008BAA90 /* ToyTests */,
				697D240629A0A5B6008BAA90 /* ToyUITests */,
			);
		};
/* End PBXProject section */

/* Begin PBXResourcesBuildPhase section */
		697D23E529A0A5B5008BAA90 /* Resources */ = {
			isa = PBXResourcesBuildPhase;
			buildActionMask = 2147483647;
			files = (
				697D23F429A0A5B6008BAA90 /* Assets.xcassets in Resources */,
			);
			runOnlyForDeploymentPostprocessing = 0;
		};
		697D23FB29A0A5B6008BAA90 /* Resources */ = {
			isa = PBXResourcesBuildPhase;
			buildActionMask = 2147483647;
			files = (
			);
			runOnlyForDeploymentPostprocessing = 0;
		};
		697D240529A0A5B6008BAA90 /* Resources */ = {
			isa = PBXResourcesBuildPhase;
			buildActionMask = 2147483647;
			files = (
			);
			runOnlyForDeploymentPostprocessing = 0;
		};
/* End PBXResourcesBuildPhase section */

/* Begin PBXSourcesBuildPhase section */
		697D23E329A0A5B5008BAA90 /* Sources */ = {
			isa = PBXSourcesBuildPhase;
			buildActionMask = 2147483647;
			files = (
				697D242D29A0B131008BAA90 /* RootRouter.swift in Sources */,
				697D243929A1EBB6008BAA90 /* HomeInteractor.swift in Sources */,
				6973C75929A3AF63007FF27D /* LoginRouter.swift in Sources */,
				697D23EB29A0A5B5008BAA90 /* AppDelegate.swift in Sources */,
				697D243829A1EBB6008BAA90 /* HomeBuilder.swift in Sources */,
				697D243029A0B131008BAA90 /* RootInteractor.swift in Sources */,
				697D242E29A0B131008BAA90 /* RootViewController.swift in Sources */,
				697D23ED29A0A5B5008BAA90 /* SceneDelegate.swift in Sources */,
				6973C75C29A3AF63007FF27D /* LoginInteractor.swift in Sources */,
				697D243729A1EBB6008BAA90 /* HomeViewController.swift in Sources */,
				6973C75B29A3AF63007FF27D /* LoginBuilder.swift in Sources */,
				697D243629A1EBB6008BAA90 /* HomeRouter.swift in Sources */,
				697D242729A0B061008BAA90 /* AppComponent.swift in Sources */,
				6973C75A29A3AF63007FF27D /* LoginViewController.swift in Sources */,
				697D242F29A0B131008BAA90 /* RootBuilder.swift in Sources */,
			);
			runOnlyForDeploymentPostprocessing = 0;
		};
		697D23F929A0A5B6008BAA90 /* Sources */ = {
			isa = PBXSourcesBuildPhase;
			buildActionMask = 2147483647;
			files = (
				697D240229A0A5B6008BAA90 /* ToyTests.swift in Sources */,
			);
			runOnlyForDeploymentPostprocessing = 0;
		};
		697D240329A0A5B6008BAA90 /* Sources */ = {
			isa = PBXSourcesBuildPhase;
			buildActionMask = 2147483647;
			files = (
				697D240C29A0A5B6008BAA90 /* ToyUITests.swift in Sources */,
				697D240E29A0A5B6008BAA90 /* ToyUITestsLaunchTests.swift in Sources */,
			);
			runOnlyForDeploymentPostprocessing = 0;
		};
/* End PBXSourcesBuildPhase section */

/* Begin PBXTargetDependency section */
		697D23FF29A0A5B6008BAA90 /* PBXTargetDependency */ = {
			isa = PBXTargetDependency;
			target = 697D23E629A0A5B5008BAA90 /* Toy */;
			targetProxy = 697D23FE29A0A5B6008BAA90 /* PBXContainerItemProxy */;
		};
		697D240929A0A5B6008BAA90 /* PBXTargetDependency */ = {
			isa = PBXTargetDependency;
			target = 697D23E629A0A5B5008BAA90 /* Toy */;
			targetProxy = 697D240829A0A5B6008BAA90 /* PBXContainerItemProxy */;
		};
/* End PBXTargetDependency section */

/* Begin XCBuildConfiguration section */
		697D240F29A0A5B6008BAA90 /* Debug */ = {
			isa = XCBuildConfiguration;
			buildSettings = {
				ALWAYS_SEARCH_USER_PATHS = NO;
				CLANG_ANALYZER_NONNULL = YES;
				CLANG_ANALYZER_NUMBER_OBJECT_CONVERSION = YES_AGGRESSIVE;
				CLANG_CXX_LANGUAGE_STANDARD = "gnu++20";
				CLANG_ENABLE_MODULES = YES;
				CLANG_ENABLE_OBJC_ARC = YES;
				CLANG_ENABLE_OBJC_WEAK = YES;
				CLANG_WARN_BLOCK_CAPTURE_AUTORELEASING = YES;
				CLANG_WARN_BOOL_CONVERSION = YES;
				CLANG_WARN_COMMA = YES;
				CLANG_WARN_CONSTANT_CONVERSION = YES;
				CLANG_WARN_DEPRECATED_OBJC_IMPLEMENTATIONS = YES;
				CLANG_WARN_DIRECT_OBJC_ISA_USAGE = YES_ERROR;
				CLANG_WARN_DOCUMENTATION_COMMENTS = YES;
				CLANG_WARN_EMPTY_BODY = YES;
				CLANG_WARN_ENUM_CONVERSION = YES;
				CLANG_WARN_INFINITE_RECURSION = YES;
				CLANG_WARN_INT_CONVERSION = YES;
				CLANG_WARN_NON_LITERAL_NULL_CONVERSION = YES;
				CLANG_WARN_OBJC_IMPLICIT_RETAIN_SELF = YES;
				CLANG_WARN_OBJC_LITERAL_CONVERSION = YES;
				CLANG_WARN_OBJC_ROOT_CLASS = YES_ERROR;
				CLANG_WARN_QUOTED_INCLUDE_IN_FRAMEWORK_HEADER = YES;
				CLANG_WARN_RANGE_LOOP_ANALYSIS = YES;
				CLANG_WARN_STRICT_PROTOTYPES = YES;
				CLANG_WARN_SUSPICIOUS_MOVE = YES;
				CLANG_WARN_UNGUARDED_AVAILABILITY = YES_AGGRESSIVE;
				CLANG_WARN_UNREACHABLE_CODE = YES;
				CLANG_WARN__DUPLICATE_METHOD_MATCH = YES;
				COPY_PHASE_STRIP = NO;
				DEBUG_INFORMATION_FORMAT = dwarf;
				ENABLE_STRICT_OBJC_MSGSEND = YES;
				ENABLE_TESTABILITY = YES;
				GCC_C_LANGUAGE_STANDARD = gnu11;
				GCC_DYNAMIC_NO_PIC = NO;
				GCC_NO_COMMON_BLOCKS = YES;
				GCC_OPTIMIZATION_LEVEL = 0;
				GCC_PREPROCESSOR_DEFINITIONS = (
					"DEBUG=1",
					"$(inherited)",
				);
				GCC_WARN_64_TO_32_BIT_CONVERSION = YES;
				GCC_WARN_ABOUT_RETURN_TYPE = YES_ERROR;
				GCC_WARN_UNDECLARED_SELECTOR = YES;
				GCC_WARN_UNINITIALIZED_AUTOS = YES_AGGRESSIVE;
				GCC_WARN_UNUSED_FUNCTION = YES;
				GCC_WARN_UNUSED_VARIABLE = YES;
				IPHONEOS_DEPLOYMENT_TARGET = 16.2;
				MTL_ENABLE_DEBUG_INFO = INCLUDE_SOURCE;
				MTL_FAST_MATH = YES;
				ONLY_ACTIVE_ARCH = YES;
				SDKROOT = iphoneos;
				SWIFT_ACTIVE_COMPILATION_CONDITIONS = DEBUG;
				SWIFT_OPTIMIZATION_LEVEL = "-Onone";
			};
			name = Debug;
		};
		697D241029A0A5B6008BAA90 /* Release */ = {
			isa = XCBuildConfiguration;
			buildSettings = {
				ALWAYS_SEARCH_USER_PATHS = NO;
				CLANG_ANALYZER_NONNULL = YES;
				CLANG_ANALYZER_NUMBER_OBJECT_CONVERSION = YES_AGGRESSIVE;
				CLANG_CXX_LANGUAGE_STANDARD = "gnu++20";
				CLANG_ENABLE_MODULES = YES;
				CLANG_ENABLE_OBJC_ARC = YES;
				CLANG_ENABLE_OBJC_WEAK = YES;
				CLANG_WARN_BLOCK_CAPTURE_AUTORELEASING = YES;
				CLANG_WARN_BOOL_CONVERSION = YES;
				CLANG_WARN_COMMA = YES;
				CLANG_WARN_CONSTANT_CONVERSION = YES;
				CLANG_WARN_DEPRECATED_OBJC_IMPLEMENTATIONS = YES;
				CLANG_WARN_DIRECT_OBJC_ISA_USAGE = YES_ERROR;
				CLANG_WARN_DOCUMENTATION_COMMENTS = YES;
				CLANG_WARN_EMPTY_BODY = YES;
				CLANG_WARN_ENUM_CONVERSION = YES;
				CLANG_WARN_INFINITE_RECURSION = YES;
				CLANG_WARN_INT_CONVERSION = YES;
				CLANG_WARN_NON_LITERAL_NULL_CONVERSION = YES;
				CLANG_WARN_OBJC_IMPLICIT_RETAIN_SELF = YES;
				CLANG_WARN_OBJC_LITERAL_CONVERSION = YES;
				CLANG_WARN_OBJC_ROOT_CLASS = YES_ERROR;
				CLANG_WARN_QUOTED_INCLUDE_IN_FRAMEWORK_HEADER = YES;
				CLANG_WARN_RANGE_LOOP_ANALYSIS = YES;
				CLANG_WARN_STRICT_PROTOTYPES = YES;
				CLANG_WARN_SUSPICIOUS_MOVE = YES;
				CLANG_WARN_UNGUARDED_AVAILABILITY = YES_AGGRESSIVE;
				CLANG_WARN_UNREACHABLE_CODE = YES;
				CLANG_WARN__DUPLICATE_METHOD_MATCH = YES;
				COPY_PHASE_STRIP = NO;
				DEBUG_INFORMATION_FORMAT = "dwarf-with-dsym";
				ENABLE_NS_ASSERTIONS = NO;
				ENABLE_STRICT_OBJC_MSGSEND = YES;
				GCC_C_LANGUAGE_STANDARD = gnu11;
				GCC_NO_COMMON_BLOCKS = YES;
				GCC_WARN_64_TO_32_BIT_CONVERSION = YES;
				GCC_WARN_ABOUT_RETURN_TYPE = YES_ERROR;
				GCC_WARN_UNDECLARED_SELECTOR = YES;
				GCC_WARN_UNINITIALIZED_AUTOS = YES_AGGRESSIVE;
				GCC_WARN_UNUSED_FUNCTION = YES;
				GCC_WARN_UNUSED_VARIABLE = YES;
				IPHONEOS_DEPLOYMENT_TARGET = 16.2;
				MTL_ENABLE_DEBUG_INFO = NO;
				MTL_FAST_MATH = YES;
				SDKROOT = iphoneos;
				SWIFT_COMPILATION_MODE = wholemodule;
				SWIFT_OPTIMIZATION_LEVEL = "-O";
				VALIDATE_PRODUCT = YES;
			};
			name = Release;
		};
		697D241229A0A5B6008BAA90 /* Debug */ = {
			isa = XCBuildConfiguration;
			buildSettings = {
				ASSETCATALOG_COMPILER_APPICON_NAME = AppIcon;
				ASSETCATALOG_COMPILER_GLOBAL_ACCENT_COLOR_NAME = AccentColor;
				CODE_SIGN_STYLE = Automatic;
				CURRENT_PROJECT_VERSION = 1;
				DEVELOPMENT_TEAM = VVHTJQP5MT;
				GENERATE_INFOPLIST_FILE = YES;
				INFOPLIST_FILE = Toy/Info.plist;
				INFOPLIST_KEY_UIApplicationSupportsIndirectInputEvents = YES;
				INFOPLIST_KEY_UILaunchStoryboardName = LaunchScreen;
				INFOPLIST_KEY_UIMainStoryboardFile = "";
				INFOPLIST_KEY_UIStatusBarStyle = UIStatusBarStyleLightContent;
				INFOPLIST_KEY_UISupportedInterfaceOrientations_iPad = "UIInterfaceOrientationPortrait UIInterfaceOrientationPortraitUpsideDown UIInterfaceOrientationLandscapeLeft UIInterfaceOrientationLandscapeRight";
				INFOPLIST_KEY_UISupportedInterfaceOrientations_iPhone = "UIInterfaceOrientationPortrait UIInterfaceOrientationLandscapeLeft UIInterfaceOrientationLandscapeRight";
				LD_RUNPATH_SEARCH_PATHS = (
					"$(inherited)",
					"@executable_path/Frameworks",
				);
				MARKETING_VERSION = 1.0;
				PRODUCT_BUNDLE_IDENTIFIER = com.khai.Toy;
				PRODUCT_NAME = "$(TARGET_NAME)";
				SWIFT_EMIT_LOC_STRINGS = YES;
				SWIFT_VERSION = 5.0;
				TARGETED_DEVICE_FAMILY = "1,2";
			};
			name = Debug;
		};
		697D241329A0A5B6008BAA90 /* Release */ = {
			isa = XCBuildConfiguration;
			buildSettings = {
				ASSETCATALOG_COMPILER_APPICON_NAME = AppIcon;
				ASSETCATALOG_COMPILER_GLOBAL_ACCENT_COLOR_NAME = AccentColor;
				CODE_SIGN_STYLE = Automatic;
				CURRENT_PROJECT_VERSION = 1;
				DEVELOPMENT_TEAM = VVHTJQP5MT;
				GENERATE_INFOPLIST_FILE = YES;
				INFOPLIST_FILE = Toy/Info.plist;
				INFOPLIST_KEY_UIApplicationSupportsIndirectInputEvents = YES;
				INFOPLIST_KEY_UILaunchStoryboardName = LaunchScreen;
				INFOPLIST_KEY_UIMainStoryboardFile = "";
				INFOPLIST_KEY_UIStatusBarStyle = UIStatusBarStyleLightContent;
				INFOPLIST_KEY_UISupportedInterfaceOrientations_iPad = "UIInterfaceOrientationPortrait UIInterfaceOrientationPortraitUpsideDown UIInterfaceOrientationLandscapeLeft UIInterfaceOrientationLandscapeRight";
				INFOPLIST_KEY_UISupportedInterfaceOrientations_iPhone = "UIInterfaceOrientationPortrait UIInterfaceOrientationLandscapeLeft UIInterfaceOrientationLandscapeRight";
				LD_RUNPATH_SEARCH_PATHS = (
					"$(inherited)",
					"@executable_path/Frameworks",
				);
				MARKETING_VERSION = 1.0;
				PRODUCT_BUNDLE_IDENTIFIER = com.khai.Toy;
				PRODUCT_NAME = "$(TARGET_NAME)";
				SWIFT_EMIT_LOC_STRINGS = YES;
				SWIFT_VERSION = 5.0;
				TARGETED_DEVICE_FAMILY = "1,2";
			};
			name = Release;
		};
		697D241529A0A5B6008BAA90 /* Debug */ = {
			isa = XCBuildConfiguration;
			buildSettings = {
				ALWAYS_EMBED_SWIFT_STANDARD_LIBRARIES = YES;
				BUNDLE_LOADER = "$(TEST_HOST)";
				CODE_SIGN_STYLE = Automatic;
				CURRENT_PROJECT_VERSION = 1;
				DEVELOPMENT_TEAM = VVHTJQP5MT;
				GENERATE_INFOPLIST_FILE = YES;
				IPHONEOS_DEPLOYMENT_TARGET = 16.2;
				MARKETING_VERSION = 1.0;
				PRODUCT_BUNDLE_IDENTIFIER = com.khai.ToyTests;
				PRODUCT_NAME = "$(TARGET_NAME)";
				SWIFT_EMIT_LOC_STRINGS = NO;
				SWIFT_VERSION = 5.0;
				TARGETED_DEVICE_FAMILY = "1,2";
				TEST_HOST = "$(BUILT_PRODUCTS_DIR)/Toy.app/$(BUNDLE_EXECUTABLE_FOLDER_PATH)/Toy";
			};
			name = Debug;
		};
		697D241629A0A5B6008BAA90 /* Release */ = {
			isa = XCBuildConfiguration;
			buildSettings = {
				ALWAYS_EMBED_SWIFT_STANDARD_LIBRARIES = YES;
				BUNDLE_LOADER = "$(TEST_HOST)";
				CODE_SIGN_STYLE = Automatic;
				CURRENT_PROJECT_VERSION = 1;
				DEVELOPMENT_TEAM = VVHTJQP5MT;
				GENERATE_INFOPLIST_FILE = YES;
				IPHONEOS_DEPLOYMENT_TARGET = 16.2;
				MARKETING_VERSION = 1.0;
				PRODUCT_BUNDLE_IDENTIFIER = com.khai.ToyTests;
				PRODUCT_NAME = "$(TARGET_NAME)";
				SWIFT_EMIT_LOC_STRINGS = NO;
				SWIFT_VERSION = 5.0;
				TARGETED_DEVICE_FAMILY = "1,2";
				TEST_HOST = "$(BUILT_PRODUCTS_DIR)/Toy.app/$(BUNDLE_EXECUTABLE_FOLDER_PATH)/Toy";
			};
			name = Release;
		};
		697D241829A0A5B6008BAA90 /* Debug */ = {
			isa = XCBuildConfiguration;
			buildSettings = {
				ALWAYS_EMBED_SWIFT_STANDARD_LIBRARIES = YES;
				CODE_SIGN_STYLE = Automatic;
				CURRENT_PROJECT_VERSION = 1;
				DEVELOPMENT_TEAM = VVHTJQP5MT;
				GENERATE_INFOPLIST_FILE = YES;
				MARKETING_VERSION = 1.0;
				PRODUCT_BUNDLE_IDENTIFIER = com.khai.ToyUITests;
				PRODUCT_NAME = "$(TARGET_NAME)";
				SWIFT_EMIT_LOC_STRINGS = NO;
				SWIFT_VERSION = 5.0;
				TARGETED_DEVICE_FAMILY = "1,2";
				TEST_TARGET_NAME = Toy;
			};
			name = Debug;
		};
		697D241929A0A5B6008BAA90 /* Release */ = {
			isa = XCBuildConfiguration;
			buildSettings = {
				ALWAYS_EMBED_SWIFT_STANDARD_LIBRARIES = YES;
				CODE_SIGN_STYLE = Automatic;
				CURRENT_PROJECT_VERSION = 1;
				DEVELOPMENT_TEAM = VVHTJQP5MT;
				GENERATE_INFOPLIST_FILE = YES;
				MARKETING_VERSION = 1.0;
				PRODUCT_BUNDLE_IDENTIFIER = com.khai.ToyUITests;
				PRODUCT_NAME = "$(TARGET_NAME)";
				SWIFT_EMIT_LOC_STRINGS = NO;
				SWIFT_VERSION = 5.0;
				TARGETED_DEVICE_FAMILY = "1,2";
				TEST_TARGET_NAME = Toy;
			};
			name = Release;
		};
/* End XCBuildConfiguration section */

/* Begin XCConfigurationList section */
		697D23E229A0A5B5008BAA90 /* Build configuration list for PBXProject "Toy" */ = {
			isa = XCConfigurationList;
			buildConfigurations = (
				697D240F29A0A5B6008BAA90 /* Debug */,
				697D241029A0A5B6008BAA90 /* Release */,
			);
			defaultConfigurationIsVisible = 0;
			defaultConfigurationName = Release;
		};
		697D241129A0A5B6008BAA90 /* Build configuration list for PBXNativeTarget "Toy" */ = {
			isa = XCConfigurationList;
			buildConfigurations = (
				697D241229A0A5B6008BAA90 /* Debug */,
				697D241329A0A5B6008BAA90 /* Release */,
			);
			defaultConfigurationIsVisible = 0;
			defaultConfigurationName = Release;
		};
		697D241429A0A5B6008BAA90 /* Build configuration list for PBXNativeTarget "ToyTests" */ = {
			isa = XCConfigurationList;
			buildConfigurations = (
				697D241529A0A5B6008BAA90 /* Debug */,
				697D241629A0A5B6008BAA90 /* Release */,
			);
			defaultConfigurationIsVisible = 0;
			defaultConfigurationName = Release;
		};
		697D241729A0A5B6008BAA90 /* Build configuration list for PBXNativeTarget "ToyUITests" */ = {
			isa = XCConfigurationList;
			buildConfigurations = (
				697D241829A0A5B6008BAA90 /* Debug */,
				697D241929A0A5B6008BAA90 /* Release */,
			);
			defaultConfigurationIsVisible = 0;
			defaultConfigurationName = Release;
		};
/* End XCConfigurationList section */

/* Begin XCRemoteSwiftPackageReference section */
		6973C74E29A3A788007FF27D /* XCRemoteSwiftPackageReference "SnapKit" */ = {
			isa = XCRemoteSwiftPackageReference;
			repositoryURL = "https://github.com/SnapKit/SnapKit";
			requirement = {
				kind = upToNextMajorVersion;
				minimumVersion = 5.0.0;
			};
		};
		6973C75129A3A926007FF27D /* XCRemoteSwiftPackageReference "Then" */ = {
			isa = XCRemoteSwiftPackageReference;
			repositoryURL = "https://github.com/devxoul/Then";
			requirement = {
				kind = upToNextMajorVersion;
				minimumVersion = 3.0.0;
			};
		};
		697D242329A0A7B7008BAA90 /* XCRemoteSwiftPackageReference "RIBs" */ = {
			isa = XCRemoteSwiftPackageReference;
			repositoryURL = "https://github.com/uber/RIBs";
			requirement = {
				kind = upToNextMajorVersion;
				minimumVersion = 0.9.2;
			};
		};
/* End XCRemoteSwiftPackageReference section */

/* Begin XCSwiftPackageProductDependency section */
		6973C74F29A3A788007FF27D /* SnapKit */ = {
			isa = XCSwiftPackageProductDependency;
			package = 6973C74E29A3A788007FF27D /* XCRemoteSwiftPackageReference "SnapKit" */;
			productName = SnapKit;
		};
		6973C75229A3A926007FF27D /* Then */ = {
			isa = XCSwiftPackageProductDependency;
			package = 6973C75129A3A926007FF27D /* XCRemoteSwiftPackageReference "Then" */;
			productName = Then;
		};
		697D242429A0A7B7008BAA90 /* RIBs */ = {
			isa = XCSwiftPackageProductDependency;
			package = 697D242329A0A7B7008BAA90 /* XCRemoteSwiftPackageReference "RIBs" */;
			productName = RIBs;
		};
/* End XCSwiftPackageProductDependency section */
	};
	rootObject = 697D23DF29A0A5B5008BAA90 /* Project object */;
}
