// !$*UTF8*$!
{
	archiveVersion = 1;
	classes = {
	};
	objectVersion = 56;
	objects = {

/* Begin PBXBuildFile section */
		6921A44F298A97E6006901E3 /* AppDelegate.swift in Sources */ = {isa = PBXBuildFile; fileRef = 6921A44E298A97E6006901E3 /* AppDelegate.swift */; };
		6921A451298A97E6006901E3 /* SceneDelegate.swift in Sources */ = {isa = PBXBuildFile; fileRef = 6921A450298A97E6006901E3 /* SceneDelegate.swift */; };
		6921A453298A97E6006901E3 /* ViewController.swift in Sources */ = {isa = PBXBuildFile; fileRef = 6921A452298A97E6006901E3 /* ViewController.swift */; };
		6921A458298A97E7006901E3 /* Assets.xcassets in Resources */ = {isa = PBXBuildFile; fileRef = 6921A457298A97E7006901E3 /* Assets.xcassets */; };
		6921A466298A97E7006901E3 /* toyTests.swift in Sources */ = {isa = PBXBuildFile; fileRef = 6921A465298A97E7006901E3 /* toyTests.swift */; };
		6921A470298A97E7006901E3 /* toyUITests.swift in Sources */ = {isa = PBXBuildFile; fileRef = 6921A46F298A97E7006901E3 /* toyUITests.swift */; };
		6921A472298A97E7006901E3 /* toyUITestsLaunchTests.swift in Sources */ = {isa = PBXBuildFile; fileRef = 6921A471298A97E7006901E3 /* toyUITestsLaunchTests.swift */; };
		6921A482298AA211006901E3 /* testRouter.swift in Sources */ = {isa = PBXBuildFile; fileRef = 6921A47E298AA211006901E3 /* testRouter.swift */; };
		6921A483298AA211006901E3 /* testViewController.swift in Sources */ = {isa = PBXBuildFile; fileRef = 6921A47F298AA211006901E3 /* testViewController.swift */; };
		6921A484298AA211006901E3 /* testBuilder.swift in Sources */ = {isa = PBXBuildFile; fileRef = 6921A480298AA211006901E3 /* testBuilder.swift */; };
		6921A485298AA211006901E3 /* testInteractor.swift in Sources */ = {isa = PBXBuildFile; fileRef = 6921A481298AA211006901E3 /* testInteractor.swift */; };
/* End PBXBuildFile section */

/* Begin PBXContainerItemProxy section */
		6921A462298A97E7006901E3 /* PBXContainerItemProxy */ = {
			isa = PBXContainerItemProxy;
			containerPortal = 6921A443298A97E6006901E3 /* Project object */;
			proxyType = 1;
			remoteGlobalIDString = 6921A44A298A97E6006901E3;
			remoteInfo = toy;
		};
		6921A46C298A97E7006901E3 /* PBXContainerItemProxy */ = {
			isa = PBXContainerItemProxy;
			containerPortal = 6921A443298A97E6006901E3 /* Project object */;
			proxyType = 1;
			remoteGlobalIDString = 6921A44A298A97E6006901E3;
			remoteInfo = toy;
		};
/* End PBXContainerItemProxy section */

/* Begin PBXFileReference section */
		6921A44B298A97E6006901E3 /* toy.app */ = {isa = PBXFileReference; explicitFileType = wrapper.application; includeInIndex = 0; path = toy.app; sourceTree = BUILT_PRODUCTS_DIR; };
		6921A44E298A97E6006901E3 /* AppDelegate.swift */ = {isa = PBXFileReference; lastKnownFileType = sourcecode.swift; path = AppDelegate.swift; sourceTree = "<group>"; };
		6921A450298A97E6006901E3 /* SceneDelegate.swift */ = {isa = PBXFileReference; lastKnownFileType = sourcecode.swift; path = SceneDelegate.swift; sourceTree = "<group>"; };
		6921A452298A97E6006901E3 /* ViewController.swift */ = {isa = PBXFileReference; lastKnownFileType = sourcecode.swift; path = ViewController.swift; sourceTree = "<group>"; };
		6921A457298A97E7006901E3 /* Assets.xcassets */ = {isa = PBXFileReference; lastKnownFileType = folder.assetcatalog; path = Assets.xcassets; sourceTree = "<group>"; };
		6921A45C298A97E7006901E3 /* Info.plist */ = {isa = PBXFileReference; lastKnownFileType = text.plist.xml; path = Info.plist; sourceTree = "<group>"; };
		6921A461298A97E7006901E3 /* toyTests.xctest */ = {isa = PBXFileReference; explicitFileType = wrapper.cfbundle; includeInIndex = 0; path = toyTests.xctest; sourceTree = BUILT_PRODUCTS_DIR; };
		6921A465298A97E7006901E3 /* toyTests.swift */ = {isa = PBXFileReference; lastKnownFileType = sourcecode.swift; path = toyTests.swift; sourceTree = "<group>"; };
		6921A46B298A97E7006901E3 /* toyUITests.xctest */ = {isa = PBXFileReference; explicitFileType = wrapper.cfbundle; includeInIndex = 0; path = toyUITests.xctest; sourceTree = BUILT_PRODUCTS_DIR; };
		6921A46F298A97E7006901E3 /* toyUITests.swift */ = {isa = PBXFileReference; lastKnownFileType = sourcecode.swift; path = toyUITests.swift; sourceTree = "<group>"; };
		6921A471298A97E7006901E3 /* toyUITestsLaunchTests.swift */ = {isa = PBXFileReference; lastKnownFileType = sourcecode.swift; path = toyUITestsLaunchTests.swift; sourceTree = "<group>"; };
		6921A47E298AA211006901E3 /* testRouter.swift */ = {isa = PBXFileReference; lastKnownFileType = sourcecode.swift; path = testRouter.swift; sourceTree = "<group>"; };
		6921A47F298AA211006901E3 /* testViewController.swift */ = {isa = PBXFileReference; lastKnownFileType = sourcecode.swift; path = testViewController.swift; sourceTree = "<group>"; };
		6921A480298AA211006901E3 /* testBuilder.swift */ = {isa = PBXFileReference; lastKnownFileType = sourcecode.swift; path = testBuilder.swift; sourceTree = "<group>"; };
		6921A481298AA211006901E3 /* testInteractor.swift */ = {isa = PBXFileReference; lastKnownFileType = sourcecode.swift; path = testInteractor.swift; sourceTree = "<group>"; };
/* End PBXFileReference section */

/* Begin PBXFrameworksBuildPhase section */
		6921A448298A97E6006901E3 /* Frameworks */ = {
			isa = PBXFrameworksBuildPhase;
			buildActionMask = 2147483647;
			files = (
			);
			runOnlyForDeploymentPostprocessing = 0;
		};
		6921A45E298A97E7006901E3 /* Frameworks */ = {
			isa = PBXFrameworksBuildPhase;
			buildActionMask = 2147483647;
			files = (
			);
			runOnlyForDeploymentPostprocessing = 0;
		};
		6921A468298A97E7006901E3 /* Frameworks */ = {
			isa = PBXFrameworksBuildPhase;
			buildActionMask = 2147483647;
			files = (
			);
			runOnlyForDeploymentPostprocessing = 0;
		};
/* End PBXFrameworksBuildPhase section */

/* Begin PBXGroup section */
		6921A442298A97E6006901E3 = {
			isa = PBXGroup;
			children = (
				6921A44D298A97E6006901E3 /* toy */,
				6921A464298A97E7006901E3 /* toyTests */,
				6921A46E298A97E7006901E3 /* toyUITests */,
				6921A44C298A97E6006901E3 /* Products */,
			);
			sourceTree = "<group>";
		};
		6921A44C298A97E6006901E3 /* Products */ = {
			isa = PBXGroup;
			children = (
				6921A44B298A97E6006901E3 /* toy.app */,
				6921A461298A97E7006901E3 /* toyTests.xctest */,
				6921A46B298A97E7006901E3 /* toyUITests.xctest */,
			);
			name = Products;
			sourceTree = "<group>";
		};
		6921A44D298A97E6006901E3 /* toy */ = {
			isa = PBXGroup;
			children = (
				6921A486298AA247006901E3 /* testRIB */,
				6921A44E298A97E6006901E3 /* AppDelegate.swift */,
				6921A450298A97E6006901E3 /* SceneDelegate.swift */,
				6921A452298A97E6006901E3 /* ViewController.swift */,
				6921A457298A97E7006901E3 /* Assets.xcassets */,
				6921A45C298A97E7006901E3 /* Info.plist */,
			);
			path = toy;
			sourceTree = "<group>";
		};
		6921A464298A97E7006901E3 /* toyTests */ = {
			isa = PBXGroup;
			children = (
				6921A465298A97E7006901E3 /* toyTests.swift */,
			);
			path = toyTests;
			sourceTree = "<group>";
		};
		6921A46E298A97E7006901E3 /* toyUITests */ = {
			isa = PBXGroup;
			children = (
				6921A46F298A97E7006901E3 /* toyUITests.swift */,
				6921A471298A97E7006901E3 /* toyUITestsLaunchTests.swift */,
			);
			path = toyUITests;
			sourceTree = "<group>";
		};
		6921A486298AA247006901E3 /* testRIB */ = {
			isa = PBXGroup;
			children = (
				6921A47E298AA211006901E3 /* testRouter.swift */,
				6921A47F298AA211006901E3 /* testViewController.swift */,
				6921A480298AA211006901E3 /* testBuilder.swift */,
				6921A481298AA211006901E3 /* testInteractor.swift */,
			);
			path = testRIB;
			sourceTree = "<group>";
		};
/* End PBXGroup section */

/* Begin PBXNativeTarget section */
		6921A44A298A97E6006901E3 /* toy */ = {
			isa = PBXNativeTarget;
			buildConfigurationList = 6921A475298A97E7006901E3 /* Build configuration list for PBXNativeTarget "toy" */;
			buildPhases = (
				6921A447298A97E6006901E3 /* Sources */,
				6921A448298A97E6006901E3 /* Frameworks */,
				6921A449298A97E6006901E3 /* Resources */,
			);
			buildRules = (
			);
			dependencies = (
			);
			name = toy;
			productName = toy;
			productReference = 6921A44B298A97E6006901E3 /* toy.app */;
			productType = "com.apple.product-type.application";
		};
		6921A460298A97E7006901E3 /* toyTests */ = {
			isa = PBXNativeTarget;
			buildConfigurationList = 6921A478298A97E7006901E3 /* Build configuration list for PBXNativeTarget "toyTests" */;
			buildPhases = (
				6921A45D298A97E7006901E3 /* Sources */,
				6921A45E298A97E7006901E3 /* Frameworks */,
				6921A45F298A97E7006901E3 /* Resources */,
			);
			buildRules = (
			);
			dependencies = (
				6921A463298A97E7006901E3 /* PBXTargetDependency */,
			);
			name = toyTests;
			productName = toyTests;
			productReference = 6921A461298A97E7006901E3 /* toyTests.xctest */;
			productType = "com.apple.product-type.bundle.unit-test";
		};
		6921A46A298A97E7006901E3 /* toyUITests */ = {
			isa = PBXNativeTarget;
			buildConfigurationList = 6921A47B298A97E7006901E3 /* Build configuration list for PBXNativeTarget "toyUITests" */;
			buildPhases = (
				6921A467298A97E7006901E3 /* Sources */,
				6921A468298A97E7006901E3 /* Frameworks */,
				6921A469298A97E7006901E3 /* Resources */,
			);
			buildRules = (
			);
			dependencies = (
				6921A46D298A97E7006901E3 /* PBXTargetDependency */,
			);
			name = toyUITests;
			productName = toyUITests;
			productReference = 6921A46B298A97E7006901E3 /* toyUITests.xctest */;
			productType = "com.apple.product-type.bundle.ui-testing";
		};
/* End PBXNativeTarget section */

/* Begin PBXProject section */
		6921A443298A97E6006901E3 /* Project object */ = {
			isa = PBXProject;
			attributes = {
				BuildIndependentTargetsInParallel = 1;
				LastSwiftUpdateCheck = 1420;
				LastUpgradeCheck = 1420;
				TargetAttributes = {
					6921A44A298A97E6006901E3 = {
						CreatedOnToolsVersion = 14.2;
					};
					6921A460298A97E7006901E3 = {
						CreatedOnToolsVersion = 14.2;
						TestTargetID = 6921A44A298A97E6006901E3;
					};
					6921A46A298A97E7006901E3 = {
						CreatedOnToolsVersion = 14.2;
						TestTargetID = 6921A44A298A97E6006901E3;
					};
				};
			};
			buildConfigurationList = 6921A446298A97E6006901E3 /* Build configuration list for PBXProject "toy" */;
			compatibilityVersion = "Xcode 14.0";
			developmentRegion = en;
			hasScannedForEncodings = 0;
			knownRegions = (
				en,
				Base,
			);
			mainGroup = 6921A442298A97E6006901E3;
			productRefGroup = 6921A44C298A97E6006901E3 /* Products */;
			projectDirPath = "";
			projectRoot = "";
			targets = (
				6921A44A298A97E6006901E3 /* toy */,
				6921A460298A97E7006901E3 /* toyTests */,
				6921A46A298A97E7006901E3 /* toyUITests */,
			);
		};
/* End PBXProject section */

/* Begin PBXResourcesBuildPhase section */
		6921A449298A97E6006901E3 /* Resources */ = {
			isa = PBXResourcesBuildPhase;
			buildActionMask = 2147483647;
			files = (
				6921A458298A97E7006901E3 /* Assets.xcassets in Resources */,
			);
			runOnlyForDeploymentPostprocessing = 0;
		};
		6921A45F298A97E7006901E3 /* Resources */ = {
			isa = PBXResourcesBuildPhase;
			buildActionMask = 2147483647;
			files = (
			);
			runOnlyForDeploymentPostprocessing = 0;
		};
		6921A469298A97E7006901E3 /* Resources */ = {
			isa = PBXResourcesBuildPhase;
			buildActionMask = 2147483647;
			files = (
			);
			runOnlyForDeploymentPostprocessing = 0;
		};
/* End PBXResourcesBuildPhase section */

/* Begin PBXSourcesBuildPhase section */
		6921A447298A97E6006901E3 /* Sources */ = {
			isa = PBXSourcesBuildPhase;
			buildActionMask = 2147483647;
			files = (
				6921A482298AA211006901E3 /* testRouter.swift in Sources */,
				6921A453298A97E6006901E3 /* ViewController.swift in Sources */,
				6921A44F298A97E6006901E3 /* AppDelegate.swift in Sources */,
				6921A483298AA211006901E3 /* testViewController.swift in Sources */,
				6921A451298A97E6006901E3 /* SceneDelegate.swift in Sources */,
				6921A484298AA211006901E3 /* testBuilder.swift in Sources */,
				6921A485298AA211006901E3 /* testInteractor.swift in Sources */,
			);
			runOnlyForDeploymentPostprocessing = 0;
		};
		6921A45D298A97E7006901E3 /* Sources */ = {
			isa = PBXSourcesBuildPhase;
			buildActionMask = 2147483647;
			files = (
				6921A466298A97E7006901E3 /* toyTests.swift in Sources */,
			);
			runOnlyForDeploymentPostprocessing = 0;
		};
		6921A467298A97E7006901E3 /* Sources */ = {
			isa = PBXSourcesBuildPhase;
			buildActionMask = 2147483647;
			files = (
				6921A470298A97E7006901E3 /* toyUITests.swift in Sources */,
				6921A472298A97E7006901E3 /* toyUITestsLaunchTests.swift in Sources */,
			);
			runOnlyForDeploymentPostprocessing = 0;
		};
/* End PBXSourcesBuildPhase section */

/* Begin PBXTargetDependency section */
		6921A463298A97E7006901E3 /* PBXTargetDependency */ = {
			isa = PBXTargetDependency;
			target = 6921A44A298A97E6006901E3 /* toy */;
			targetProxy = 6921A462298A97E7006901E3 /* PBXContainerItemProxy */;
		};
		6921A46D298A97E7006901E3 /* PBXTargetDependency */ = {
			isa = PBXTargetDependency;
			target = 6921A44A298A97E6006901E3 /* toy */;
			targetProxy = 6921A46C298A97E7006901E3 /* PBXContainerItemProxy */;
		};
/* End PBXTargetDependency section */

/* Begin XCBuildConfiguration section */
		6921A473298A97E7006901E3 /* Debug */ = {
			isa = XCBuildConfiguration;
			buildSettings = {
				ALWAYS_SEARCH_USER_PATHS = NO;
				CLANG_ANALYZER_NONNULL = YES;
				CLANG_ANALYZER_NUMBER_OBJECT_CONVERSION = YES_AGGRESSIVE;
				CLANG_CXX_LANGUAGE_STANDARD = "gnu++20";
				CLANG_ENABLE_MODULES = YES;
				CLANG_ENABLE_OBJC_ARC = YES;
				CLANG_ENABLE_OBJC_WEAK = YES;
				CLANG_WARN_BLOCK_CAPTURE_AUTORELEASING = YES;
				CLANG_WARN_BOOL_CONVERSION = YES;
				CLANG_WARN_COMMA = YES;
				CLANG_WARN_CONSTANT_CONVERSION = YES;
				CLANG_WARN_DEPRECATED_OBJC_IMPLEMENTATIONS = YES;
				CLANG_WARN_DIRECT_OBJC_ISA_USAGE = YES_ERROR;
				CLANG_WARN_DOCUMENTATION_COMMENTS = YES;
				CLANG_WARN_EMPTY_BODY = YES;
				CLANG_WARN_ENUM_CONVERSION = YES;
				CLANG_WARN_INFINITE_RECURSION = YES;
				CLANG_WARN_INT_CONVERSION = YES;
				CLANG_WARN_NON_LITERAL_NULL_CONVERSION = YES;
				CLANG_WARN_OBJC_IMPLICIT_RETAIN_SELF = YES;
				CLANG_WARN_OBJC_LITERAL_CONVERSION = YES;
				CLANG_WARN_OBJC_ROOT_CLASS = YES_ERROR;
				CLANG_WARN_QUOTED_INCLUDE_IN_FRAMEWORK_HEADER = YES;
				CLANG_WARN_RANGE_LOOP_ANALYSIS = YES;
				CLANG_WARN_STRICT_PROTOTYPES = YES;
				CLANG_WARN_SUSPICIOUS_MOVE = YES;
				CLANG_WARN_UNGUARDED_AVAILABILITY = YES_AGGRESSIVE;
				CLANG_WARN_UNREACHABLE_CODE = YES;
				CLANG_WARN__DUPLICATE_METHOD_MATCH = YES;
				COPY_PHASE_STRIP = NO;
				DEBUG_INFORMATION_FORMAT = dwarf;
				ENABLE_STRICT_OBJC_MSGSEND = YES;
				ENABLE_TESTABILITY = YES;
				GCC_C_LANGUAGE_STANDARD = gnu11;
				GCC_DYNAMIC_NO_PIC = NO;
				GCC_NO_COMMON_BLOCKS = YES;
				GCC_OPTIMIZATION_LEVEL = 0;
				GCC_PREPROCESSOR_DEFINITIONS = (
					"DEBUG=1",
					"$(inherited)",
				);
				GCC_WARN_64_TO_32_BIT_CONVERSION = YES;
				GCC_WARN_ABOUT_RETURN_TYPE = YES_ERROR;
				GCC_WARN_UNDECLARED_SELECTOR = YES;
				GCC_WARN_UNINITIALIZED_AUTOS = YES_AGGRESSIVE;
				GCC_WARN_UNUSED_FUNCTION = YES;
				GCC_WARN_UNUSED_VARIABLE = YES;
				IPHONEOS_DEPLOYMENT_TARGET = 16.2;
				MTL_ENABLE_DEBUG_INFO = INCLUDE_SOURCE;
				MTL_FAST_MATH = YES;
				ONLY_ACTIVE_ARCH = YES;
				SDKROOT = iphoneos;
				SWIFT_ACTIVE_COMPILATION_CONDITIONS = DEBUG;
				SWIFT_OPTIMIZATION_LEVEL = "-Onone";
			};
			name = Debug;
		};
		6921A474298A97E7006901E3 /* Release */ = {
			isa = XCBuildConfiguration;
			buildSettings = {
				ALWAYS_SEARCH_USER_PATHS = NO;
				CLANG_ANALYZER_NONNULL = YES;
				CLANG_ANALYZER_NUMBER_OBJECT_CONVERSION = YES_AGGRESSIVE;
				CLANG_CXX_LANGUAGE_STANDARD = "gnu++20";
				CLANG_ENABLE_MODULES = YES;
				CLANG_ENABLE_OBJC_ARC = YES;
				CLANG_ENABLE_OBJC_WEAK = YES;
				CLANG_WARN_BLOCK_CAPTURE_AUTORELEASING = YES;
				CLANG_WARN_BOOL_CONVERSION = YES;
				CLANG_WARN_COMMA = YES;
				CLANG_WARN_CONSTANT_CONVERSION = YES;
				CLANG_WARN_DEPRECATED_OBJC_IMPLEMENTATIONS = YES;
				CLANG_WARN_DIRECT_OBJC_ISA_USAGE = YES_ERROR;
				CLANG_WARN_DOCUMENTATION_COMMENTS = YES;
				CLANG_WARN_EMPTY_BODY = YES;
				CLANG_WARN_ENUM_CONVERSION = YES;
				CLANG_WARN_INFINITE_RECURSION = YES;
				CLANG_WARN_INT_CONVERSION = YES;
				CLANG_WARN_NON_LITERAL_NULL_CONVERSION = YES;
				CLANG_WARN_OBJC_IMPLICIT_RETAIN_SELF = YES;
				CLANG_WARN_OBJC_LITERAL_CONVERSION = YES;
				CLANG_WARN_OBJC_ROOT_CLASS = YES_ERROR;
				CLANG_WARN_QUOTED_INCLUDE_IN_FRAMEWORK_HEADER = YES;
				CLANG_WARN_RANGE_LOOP_ANALYSIS = YES;
				CLANG_WARN_STRICT_PROTOTYPES = YES;
				CLANG_WARN_SUSPICIOUS_MOVE = YES;
				CLANG_WARN_UNGUARDED_AVAILABILITY = YES_AGGRESSIVE;
				CLANG_WARN_UNREACHABLE_CODE = YES;
				CLANG_WARN__DUPLICATE_METHOD_MATCH = YES;
				COPY_PHASE_STRIP = NO;
				DEBUG_INFORMATION_FORMAT = "dwarf-with-dsym";
				ENABLE_NS_ASSERTIONS = NO;
				ENABLE_STRICT_OBJC_MSGSEND = YES;
				GCC_C_LANGUAGE_STANDARD = gnu11;
				GCC_NO_COMMON_BLOCKS = YES;
				GCC_WARN_64_TO_32_BIT_CONVERSION = YES;
				GCC_WARN_ABOUT_RETURN_TYPE = YES_ERROR;
				GCC_WARN_UNDECLARED_SELECTOR = YES;
				GCC_WARN_UNINITIALIZED_AUTOS = YES_AGGRESSIVE;
				GCC_WARN_UNUSED_FUNCTION = YES;
				GCC_WARN_UNUSED_VARIABLE = YES;
				IPHONEOS_DEPLOYMENT_TARGET = 16.2;
				MTL_ENABLE_DEBUG_INFO = NO;
				MTL_FAST_MATH = YES;
				SDKROOT = iphoneos;
				SWIFT_COMPILATION_MODE = wholemodule;
				SWIFT_OPTIMIZATION_LEVEL = "-O";
				VALIDATE_PRODUCT = YES;
			};
			name = Release;
		};
		6921A476298A97E7006901E3 /* Debug */ = {
			isa = XCBuildConfiguration;
			buildSettings = {
				ASSETCATALOG_COMPILER_APPICON_NAME = AppIcon;
				ASSETCATALOG_COMPILER_GLOBAL_ACCENT_COLOR_NAME = AccentColor;
				CODE_SIGN_STYLE = Automatic;
				CURRENT_PROJECT_VERSION = 1;
				DEVELOPMENT_TEAM = VVHTJQP5MT;
				GENERATE_INFOPLIST_FILE = YES;
				INFOPLIST_FILE = toy/Info.plist;
				INFOPLIST_KEY_UIApplicationSupportsIndirectInputEvents = YES;
				INFOPLIST_KEY_UILaunchStoryboardName = LaunchScreen;
				INFOPLIST_KEY_UIMainStoryboardFile = Main;
				INFOPLIST_KEY_UISupportedInterfaceOrientations_iPad = "UIInterfaceOrientationPortrait UIInterfaceOrientationPortraitUpsideDown UIInterfaceOrientationLandscapeLeft UIInterfaceOrientationLandscapeRight";
				INFOPLIST_KEY_UISupportedInterfaceOrientations_iPhone = "UIInterfaceOrientationPortrait UIInterfaceOrientationLandscapeLeft UIInterfaceOrientationLandscapeRight";
				LD_RUNPATH_SEARCH_PATHS = (
					"$(inherited)",
					"@executable_path/Frameworks",
				);
				MARKETING_VERSION = 1.0;
				PRODUCT_BUNDLE_IDENTIFIER = com.khai.toy;
				PRODUCT_NAME = "$(TARGET_NAME)";
				SWIFT_EMIT_LOC_STRINGS = YES;
				SWIFT_VERSION = 5.0;
				TARGETED_DEVICE_FAMILY = "1,2";
			};
			name = Debug;
		};
		6921A477298A97E7006901E3 /* Release */ = {
			isa = XCBuildConfiguration;
			buildSettings = {
				ASSETCATALOG_COMPILER_APPICON_NAME = AppIcon;
				ASSETCATALOG_COMPILER_GLOBAL_ACCENT_COLOR_NAME = AccentColor;
				CODE_SIGN_STYLE = Automatic;
				CURRENT_PROJECT_VERSION = 1;
				DEVELOPMENT_TEAM = VVHTJQP5MT;
				GENERATE_INFOPLIST_FILE = YES;
				INFOPLIST_FILE = toy/Info.plist;
				INFOPLIST_KEY_UIApplicationSupportsIndirectInputEvents = YES;
				INFOPLIST_KEY_UILaunchStoryboardName = LaunchScreen;
				INFOPLIST_KEY_UIMainStoryboardFile = Main;
				INFOPLIST_KEY_UISupportedInterfaceOrientations_iPad = "UIInterfaceOrientationPortrait UIInterfaceOrientationPortraitUpsideDown UIInterfaceOrientationLandscapeLeft UIInterfaceOrientationLandscapeRight";
				INFOPLIST_KEY_UISupportedInterfaceOrientations_iPhone = "UIInterfaceOrientationPortrait UIInterfaceOrientationLandscapeLeft UIInterfaceOrientationLandscapeRight";
				LD_RUNPATH_SEARCH_PATHS = (
					"$(inherited)",
					"@executable_path/Frameworks",
				);
				MARKETING_VERSION = 1.0;
				PRODUCT_BUNDLE_IDENTIFIER = com.khai.toy;
				PRODUCT_NAME = "$(TARGET_NAME)";
				SWIFT_EMIT_LOC_STRINGS = YES;
				SWIFT_VERSION = 5.0;
				TARGETED_DEVICE_FAMILY = "1,2";
			};
			name = Release;
		};
		6921A479298A97E7006901E3 /* Debug */ = {
			isa = XCBuildConfiguration;
			buildSettings = {
				ALWAYS_EMBED_SWIFT_STANDARD_LIBRARIES = YES;
				BUNDLE_LOADER = "$(TEST_HOST)";
				CODE_SIGN_STYLE = Automatic;
				CURRENT_PROJECT_VERSION = 1;
				DEVELOPMENT_TEAM = VVHTJQP5MT;
				GENERATE_INFOPLIST_FILE = YES;
				IPHONEOS_DEPLOYMENT_TARGET = 16.2;
				MARKETING_VERSION = 1.0;
				PRODUCT_BUNDLE_IDENTIFIER = com.khai.toyTests;
				PRODUCT_NAME = "$(TARGET_NAME)";
				SWIFT_EMIT_LOC_STRINGS = NO;
				SWIFT_VERSION = 5.0;
				TARGETED_DEVICE_FAMILY = "1,2";
				TEST_HOST = "$(BUILT_PRODUCTS_DIR)/toy.app/$(BUNDLE_EXECUTABLE_FOLDER_PATH)/toy";
			};
			name = Debug;
		};
		6921A47A298A97E7006901E3 /* Release */ = {
			isa = XCBuildConfiguration;
			buildSettings = {
				ALWAYS_EMBED_SWIFT_STANDARD_LIBRARIES = YES;
				BUNDLE_LOADER = "$(TEST_HOST)";
				CODE_SIGN_STYLE = Automatic;
				CURRENT_PROJECT_VERSION = 1;
				DEVELOPMENT_TEAM = VVHTJQP5MT;
				GENERATE_INFOPLIST_FILE = YES;
				IPHONEOS_DEPLOYMENT_TARGET = 16.2;
				MARKETING_VERSION = 1.0;
				PRODUCT_BUNDLE_IDENTIFIER = com.khai.toyTests;
				PRODUCT_NAME = "$(TARGET_NAME)";
				SWIFT_EMIT_LOC_STRINGS = NO;
				SWIFT_VERSION = 5.0;
				TARGETED_DEVICE_FAMILY = "1,2";
				TEST_HOST = "$(BUILT_PRODUCTS_DIR)/toy.app/$(BUNDLE_EXECUTABLE_FOLDER_PATH)/toy";
			};
			name = Release;
		};
		6921A47C298A97E7006901E3 /* Debug */ = {
			isa = XCBuildConfiguration;
			buildSettings = {
				ALWAYS_EMBED_SWIFT_STANDARD_LIBRARIES = YES;
				CODE_SIGN_STYLE = Automatic;
				CURRENT_PROJECT_VERSION = 1;
				DEVELOPMENT_TEAM = VVHTJQP5MT;
				GENERATE_INFOPLIST_FILE = YES;
				MARKETING_VERSION = 1.0;
				PRODUCT_BUNDLE_IDENTIFIER = com.khai.toyUITests;
				PRODUCT_NAME = "$(TARGET_NAME)";
				SWIFT_EMIT_LOC_STRINGS = NO;
				SWIFT_VERSION = 5.0;
				TARGETED_DEVICE_FAMILY = "1,2";
				TEST_TARGET_NAME = toy;
			};
			name = Debug;
		};
		6921A47D298A97E7006901E3 /* Release */ = {
			isa = XCBuildConfiguration;
			buildSettings = {
				ALWAYS_EMBED_SWIFT_STANDARD_LIBRARIES = YES;
				CODE_SIGN_STYLE = Automatic;
				CURRENT_PROJECT_VERSION = 1;
				DEVELOPMENT_TEAM = VVHTJQP5MT;
				GENERATE_INFOPLIST_FILE = YES;
				MARKETING_VERSION = 1.0;
				PRODUCT_BUNDLE_IDENTIFIER = com.khai.toyUITests;
				PRODUCT_NAME = "$(TARGET_NAME)";
				SWIFT_EMIT_LOC_STRINGS = NO;
				SWIFT_VERSION = 5.0;
				TARGETED_DEVICE_FAMILY = "1,2";
				TEST_TARGET_NAME = toy;
			};
			name = Release;
		};
/* End XCBuildConfiguration section */

/* Begin XCConfigurationList section */
		6921A446298A97E6006901E3 /* Build configuration list for PBXProject "toy" */ = {
			isa = XCConfigurationList;
			buildConfigurations = (
				6921A473298A97E7006901E3 /* Debug */,
				6921A474298A97E7006901E3 /* Release */,
			);
			defaultConfigurationIsVisible = 0;
			defaultConfigurationName = Release;
		};
		6921A475298A97E7006901E3 /* Build configuration list for PBXNativeTarget "toy" */ = {
			isa = XCConfigurationList;
			buildConfigurations = (
				6921A476298A97E7006901E3 /* Debug */,
				6921A477298A97E7006901E3 /* Release */,
			);
			defaultConfigurationIsVisible = 0;
			defaultConfigurationName = Release;
		};
		6921A478298A97E7006901E3 /* Build configuration list for PBXNativeTarget "toyTests" */ = {
			isa = XCConfigurationList;
			buildConfigurations = (
				6921A479298A97E7006901E3 /* Debug */,
				6921A47A298A97E7006901E3 /* Release */,
			);
			defaultConfigurationIsVisible = 0;
			defaultConfigurationName = Release;
		};
		6921A47B298A97E7006901E3 /* Build configuration list for PBXNativeTarget "toyUITests" */ = {
			isa = XCConfigurationList;
			buildConfigurations = (
				6921A47C298A97E7006901E3 /* Debug */,
				6921A47D298A97E7006901E3 /* Release */,
			);
			defaultConfigurationIsVisible = 0;
			defaultConfigurationName = Release;
		};
/* End XCConfigurationList section */
	};
	rootObject = 6921A443298A97E6006901E3 /* Project object */;
}
